
Microsoft Visual Studio Solution File, Format Version 12.00
# Visual Studio 14
VisualStudioVersion = 14.0.25420.1
MinimumVisualStudioVersion = 10.0.40219.1
Project("{FAE04EC0-301F-11D3-BF4B-00C04F79EFBC}") = "ST.Fx.Gps.NMEA.UWP", "ST.Fx.Gps.NMEA.UWP\ST.Fx.Gps.NMEA.UWP.csproj", "{2DA266B2-1F42-42AC-B165-59D59E5C3601}"
EndProject
Project("{2150E333-8FDC-42A3-9474-1A3956D46DE8}") = "Apps", "Apps", "{636028E7-7224-4E0C-8FF7-05D8CCFCD977}"
EndProject
Project("{2150E333-8FDC-42A3-9474-1A3956D46DE8}") = "Fx", "Fx", "{6C025FBB-6CB5-4E9E-82ED-C840BDE591AA}"
EndProject
Project("{2150E333-8FDC-42A3-9474-1A3956D46DE8}") = "GPS", "GPS", "{87E8C738-A2FA-41A9-99D3-7A9D6FAA8D97}"
EndProject
Project("{FAE04EC0-301F-11D3-BF4B-00C04F79EFBC}") = "ST.Fx.Gps.NMEA", "ST.Fx.Gps.NMEA\ST.Fx.Gps.NMEA.csproj", "{7F6AB514-458C-4C41-AFA5-70C7E78F36EF}"
EndProject
Project("{FAE04EC0-301F-11D3-BF4B-00C04F79EFBC}") = "ST.Fx.Gps.NMEA.Model", "ST.Fx.Gps.NMEA.Model\ST.Fx.Gps.NMEA.Model.csproj", "{4DC693D0-7741-4F72-94DE-E2FFA9AC3B27}"
EndProject
Project("{FAE04EC0-301F-11D3-BF4B-00C04F79EFBC}") = "ST.Apps.Carputer.Droid", "ST.Apps.Carputer.Droid\ST.Apps.Carputer.Droid.csproj", "{6C250FE9-B61F-4838-AD2C-0B664BF15868}"
EndProject
Project("{FAE04EC0-301F-11D3-BF4B-00C04F79EFBC}") = "ST.Apps.Carputer", "ST.Apps.Carputer\ST.Apps.Carputer.csproj", "{782FF2E4-7E7B-4A92-A55E-E0F052D03BC0}"
EndProject
Project("{FAE04EC0-301F-11D3-BF4B-00C04F79EFBC}") = "ST.Apps.Carputer.UWP", "ST.Apps.Carputer.UWP\ST.Apps.Carputer.UWP.csproj", "{794CE203-F77A-4346-8892-0A716B8A4D15}"
EndProject
Project("{FAE04EC0-301F-11D3-BF4B-00C04F79EFBC}") = "ST.Apps.Carputer.iOS", "ST.Apps.Carputer.iOS\ST.Apps.Carputer.iOS.csproj", "{8B6C1FCA-32B7-4D82-80E2-4A0D69CB5235}"
EndProject
Project("{2150E333-8FDC-42A3-9474-1A3956D46DE8}") = "Util", "Util", "{458712B8-9D91-4699-BF0D-2D4B6F79E8CD}"
EndProject
Project("{2150E333-8FDC-42A3-9474-1A3956D46DE8}") = "Compass", "Compass", "{74F9B2B0-A43A-45A9-BDF0-646CCF02765A}"
EndProject
Project("{2150E333-8FDC-42A3-9474-1A3956D46DE8}") = "Settings", "Settings", "{A2467C52-C753-452F-AC53-F3C21C8702A1}"
EndProject
Project("{FAE04EC0-301F-11D3-BF4B-00C04F79EFBC}") = "ST.Carputer.Settings.Core", "ST.Carputer.Settings.Core\ST.Carputer.Settings.Core.csproj", "{4560E4F2-0FDE-4978-8B72-9E7147DD3773}"
EndProject
Project("{FAE04EC0-301F-11D3-BF4B-00C04F79EFBC}") = "ST.Carputer.Settings.UWP", "ST.Carputer.Settings.UWP\ST.Carputer.Settings.UWP.csproj", "{D466A5CD-33FA-4F29-8AD6-08BA156E70F9}"
EndProject
Project("{FAE04EC0-301F-11D3-BF4B-00C04F79EFBC}") = "ST.Apps.Carputer.UWP.Native", "ST.Apps.Carputer.UWP.Native\ST.Apps.Carputer.UWP.Native.csproj", "{50D1D0AB-83C9-4C6D-8E3F-7C8A9B8D6943}"
EndProject
Project("{2150E333-8FDC-42A3-9474-1A3956D46DE8}") = "Prism", "Prism", "{8CE4F702-64C1-4B48-A2C8-FCE223B16048}"
EndProject
Project("{2150E333-8FDC-42A3-9474-1A3956D46DE8}") = "Mvx", "Mvx", "{FACC4F39-2E65-4956-B822-0420ADD77B59}"
EndProject
Project("{FAE04EC0-301F-11D3-BF4B-00C04F79EFBC}") = "ST.Apps.Mvx.Carputer.UWP", "ST.Apps.Mvx.Carputer.UWP\ST.Apps.Mvx.Carputer.UWP.csproj", "{8E88D621-2B7F-4F56-AEE5-B1994BC85C1E}"
EndProject
Project("{FAE04EC0-301F-11D3-BF4B-00C04F79EFBC}") = "ST.Apps.Mvx.Carputer.Core", "ST.Apps.Mvx.Carputer.Core\ST.Apps.Mvx.Carputer.Core.csproj", "{654442E2-F179-4151-B8AF-0F1A1DBB86DB}"
EndProject
Project("{FAE04EC0-301F-11D3-BF4B-00C04F79EFBC}") = "Carputer.UWP", "Carputer.UWP\Carputer.UWP.csproj", "{7FC414E6-7ADA-4369-8124-0BB50EF8F8F2}"
EndProject
Project("{2150E333-8FDC-42A3-9474-1A3956D46DE8}") = "Spikes", "Spikes", "{5294BCEC-28D8-4165-8A00-D81E1D27D0BF}"
EndProject
Project("{FAE04EC0-301F-11D3-BF4B-00C04F79EFBC}") = "ST.Spikes.Log2Net.CLI", "ST.Spikes.Log2Net.CLI\ST.Spikes.Log2Net.CLI.csproj", "{17F97CB1-0965-4A04-82AC-6CA0162C6809}"
EndProject
Project("{2150E333-8FDC-42A3-9474-1A3956D46DE8}") = "OBDII", "OBDII", "{A81A8C5A-A572-425B-8305-3E74C34A5B5B}"
EndProject
Project("{FAE04EC0-301F-11D3-BF4B-00C04F79EFBC}") = "ST.Fx.OBDII.Wifi.PCL", "ST.Fx.OBDII.Wifi.PCL\ST.Fx.OBDII.Wifi.PCL.csproj", "{C9E98F89-43DB-473F-9B84-ABDD8F92F7B6}"
EndProject
Project("{FAE04EC0-301F-11D3-BF4B-00C04F79EFBC}") = "ST.Fx.OBDII.Core", "ST.Fx.OBDII.Core\ST.Fx.OBDII.Core.csproj", "{8BBDC4D3-5562-4D61-866A-FC2325081A7F}"
EndProject
Project("{FAE04EC0-301F-11D3-BF4B-00C04F79EFBC}") = "Carputer.Phone.UWP", "Carputer.Phone.UWP\Carputer.Phone.UWP.csproj", "{BDCD56E9-C6F1-4062-B2B2-F8B7FCB0BF26}"
EndProject
Project("{FAE04EC0-301F-11D3-BF4B-00C04F79EFBC}") = "Carputer.CLI", "Carputer.CLI\Carputer.CLI.csproj", "{D5185782-49E0-4D8D-89EE-25BC3C60426E}"
EndProject
Project("{2150E333-8FDC-42A3-9474-1A3956D46DE8}") = "Debug", "Debug", "{CD7A876C-FC78-4237-A553-C76F731A7CA8}"
EndProject
Project("{FAE04EC0-301F-11D3-BF4B-00C04F79EFBC}") = "ST.Fx.Debug.Tracer.Core", "ST.Fx.Debug.Tracer.Core\ST.Fx.Debug.Tracer.Core.csproj", "{EE12F0FD-0F72-48EA-917A-8FB24E5F3193}"
EndProject
Global
	GlobalSection(SolutionConfigurationPlatforms) = preSolution
		Ad-Hoc|Any CPU = Ad-Hoc|Any CPU
		Ad-Hoc|ARM = Ad-Hoc|ARM
		Ad-Hoc|iPhone = Ad-Hoc|iPhone
		Ad-Hoc|iPhoneSimulator = Ad-Hoc|iPhoneSimulator
		Ad-Hoc|x64 = Ad-Hoc|x64
		Ad-Hoc|x86 = Ad-Hoc|x86
		AppStore|Any CPU = AppStore|Any CPU
		AppStore|ARM = AppStore|ARM
		AppStore|iPhone = AppStore|iPhone
		AppStore|iPhoneSimulator = AppStore|iPhoneSimulator
		AppStore|x64 = AppStore|x64
		AppStore|x86 = AppStore|x86
		Debug|Any CPU = Debug|Any CPU
		Debug|ARM = Debug|ARM
		Debug|iPhone = Debug|iPhone
		Debug|iPhoneSimulator = Debug|iPhoneSimulator
		Debug|x64 = Debug|x64
		Debug|x86 = Debug|x86
		Release|Any CPU = Release|Any CPU
		Release|ARM = Release|ARM
		Release|iPhone = Release|iPhone
		Release|iPhoneSimulator = Release|iPhoneSimulator
		Release|x64 = Release|x64
		Release|x86 = Release|x86
	EndGlobalSection
	GlobalSection(ProjectConfigurationPlatforms) = postSolution
		{2DA266B2-1F42-42AC-B165-59D59E5C3601}.Ad-Hoc|Any CPU.ActiveCfg = Release|Any CPU
		{2DA266B2-1F42-42AC-B165-59D59E5C3601}.Ad-Hoc|Any CPU.Build.0 = Release|Any CPU
		{2DA266B2-1F42-42AC-B165-59D59E5C3601}.Ad-Hoc|ARM.ActiveCfg = Release|ARM
		{2DA266B2-1F42-42AC-B165-59D59E5C3601}.Ad-Hoc|ARM.Build.0 = Release|ARM
		{2DA266B2-1F42-42AC-B165-59D59E5C3601}.Ad-Hoc|iPhone.ActiveCfg = Release|Any CPU
		{2DA266B2-1F42-42AC-B165-59D59E5C3601}.Ad-Hoc|iPhone.Build.0 = Release|Any CPU
		{2DA266B2-1F42-42AC-B165-59D59E5C3601}.Ad-Hoc|iPhoneSimulator.ActiveCfg = Release|Any CPU
		{2DA266B2-1F42-42AC-B165-59D59E5C3601}.Ad-Hoc|iPhoneSimulator.Build.0 = Release|Any CPU
		{2DA266B2-1F42-42AC-B165-59D59E5C3601}.Ad-Hoc|x64.ActiveCfg = Release|x64
		{2DA266B2-1F42-42AC-B165-59D59E5C3601}.Ad-Hoc|x64.Build.0 = Release|x64
		{2DA266B2-1F42-42AC-B165-59D59E5C3601}.Ad-Hoc|x86.ActiveCfg = Release|x86
		{2DA266B2-1F42-42AC-B165-59D59E5C3601}.Ad-Hoc|x86.Build.0 = Release|x86
		{2DA266B2-1F42-42AC-B165-59D59E5C3601}.AppStore|Any CPU.ActiveCfg = Release|Any CPU
		{2DA266B2-1F42-42AC-B165-59D59E5C3601}.AppStore|Any CPU.Build.0 = Release|Any CPU
		{2DA266B2-1F42-42AC-B165-59D59E5C3601}.AppStore|ARM.ActiveCfg = Release|ARM
		{2DA266B2-1F42-42AC-B165-59D59E5C3601}.AppStore|ARM.Build.0 = Release|ARM
		{2DA266B2-1F42-42AC-B165-59D59E5C3601}.AppStore|iPhone.ActiveCfg = Release|Any CPU
		{2DA266B2-1F42-42AC-B165-59D59E5C3601}.AppStore|iPhone.Build.0 = Release|Any CPU
		{2DA266B2-1F42-42AC-B165-59D59E5C3601}.AppStore|iPhoneSimulator.ActiveCfg = Release|Any CPU
		{2DA266B2-1F42-42AC-B165-59D59E5C3601}.AppStore|iPhoneSimulator.Build.0 = Release|Any CPU
		{2DA266B2-1F42-42AC-B165-59D59E5C3601}.AppStore|x64.ActiveCfg = Release|x64
		{2DA266B2-1F42-42AC-B165-59D59E5C3601}.AppStore|x64.Build.0 = Release|x64
		{2DA266B2-1F42-42AC-B165-59D59E5C3601}.AppStore|x86.ActiveCfg = Release|x86
		{2DA266B2-1F42-42AC-B165-59D59E5C3601}.AppStore|x86.Build.0 = Release|x86
		{2DA266B2-1F42-42AC-B165-59D59E5C3601}.Debug|Any CPU.ActiveCfg = Debug|Any CPU
		{2DA266B2-1F42-42AC-B165-59D59E5C3601}.Debug|Any CPU.Build.0 = Debug|Any CPU
		{2DA266B2-1F42-42AC-B165-59D59E5C3601}.Debug|ARM.ActiveCfg = Debug|ARM
		{2DA266B2-1F42-42AC-B165-59D59E5C3601}.Debug|ARM.Build.0 = Debug|ARM
		{2DA266B2-1F42-42AC-B165-59D59E5C3601}.Debug|iPhone.ActiveCfg = Debug|Any CPU
		{2DA266B2-1F42-42AC-B165-59D59E5C3601}.Debug|iPhone.Build.0 = Debug|Any CPU
		{2DA266B2-1F42-42AC-B165-59D59E5C3601}.Debug|iPhoneSimulator.ActiveCfg = Debug|Any CPU
		{2DA266B2-1F42-42AC-B165-59D59E5C3601}.Debug|iPhoneSimulator.Build.0 = Debug|Any CPU
		{2DA266B2-1F42-42AC-B165-59D59E5C3601}.Debug|x64.ActiveCfg = Debug|x64
		{2DA266B2-1F42-42AC-B165-59D59E5C3601}.Debug|x64.Build.0 = Debug|x64
		{2DA266B2-1F42-42AC-B165-59D59E5C3601}.Debug|x86.ActiveCfg = Debug|x86
		{2DA266B2-1F42-42AC-B165-59D59E5C3601}.Debug|x86.Build.0 = Debug|x86
		{2DA266B2-1F42-42AC-B165-59D59E5C3601}.Release|Any CPU.ActiveCfg = Release|Any CPU
		{2DA266B2-1F42-42AC-B165-59D59E5C3601}.Release|Any CPU.Build.0 = Release|Any CPU
		{2DA266B2-1F42-42AC-B165-59D59E5C3601}.Release|ARM.ActiveCfg = Release|ARM
		{2DA266B2-1F42-42AC-B165-59D59E5C3601}.Release|ARM.Build.0 = Release|ARM
		{2DA266B2-1F42-42AC-B165-59D59E5C3601}.Release|iPhone.ActiveCfg = Release|Any CPU
		{2DA266B2-1F42-42AC-B165-59D59E5C3601}.Release|iPhone.Build.0 = Release|Any CPU
		{2DA266B2-1F42-42AC-B165-59D59E5C3601}.Release|iPhoneSimulator.ActiveCfg = Release|Any CPU
		{2DA266B2-1F42-42AC-B165-59D59E5C3601}.Release|iPhoneSimulator.Build.0 = Release|Any CPU
		{2DA266B2-1F42-42AC-B165-59D59E5C3601}.Release|x64.ActiveCfg = Release|x64
		{2DA266B2-1F42-42AC-B165-59D59E5C3601}.Release|x64.Build.0 = Release|x64
		{2DA266B2-1F42-42AC-B165-59D59E5C3601}.Release|x86.ActiveCfg = Release|x86
		{2DA266B2-1F42-42AC-B165-59D59E5C3601}.Release|x86.Build.0 = Release|x86
		{7F6AB514-458C-4C41-AFA5-70C7E78F36EF}.Ad-Hoc|Any CPU.ActiveCfg = Release|Any CPU
		{7F6AB514-458C-4C41-AFA5-70C7E78F36EF}.Ad-Hoc|Any CPU.Build.0 = Release|Any CPU
		{7F6AB514-458C-4C41-AFA5-70C7E78F36EF}.Ad-Hoc|ARM.ActiveCfg = Release|Any CPU
		{7F6AB514-458C-4C41-AFA5-70C7E78F36EF}.Ad-Hoc|ARM.Build.0 = Release|Any CPU
		{7F6AB514-458C-4C41-AFA5-70C7E78F36EF}.Ad-Hoc|iPhone.ActiveCfg = Release|Any CPU
		{7F6AB514-458C-4C41-AFA5-70C7E78F36EF}.Ad-Hoc|iPhone.Build.0 = Release|Any CPU
		{7F6AB514-458C-4C41-AFA5-70C7E78F36EF}.Ad-Hoc|iPhoneSimulator.ActiveCfg = Release|Any CPU
		{7F6AB514-458C-4C41-AFA5-70C7E78F36EF}.Ad-Hoc|iPhoneSimulator.Build.0 = Release|Any CPU
		{7F6AB514-458C-4C41-AFA5-70C7E78F36EF}.Ad-Hoc|x64.ActiveCfg = Release|Any CPU
		{7F6AB514-458C-4C41-AFA5-70C7E78F36EF}.Ad-Hoc|x64.Build.0 = Release|Any CPU
		{7F6AB514-458C-4C41-AFA5-70C7E78F36EF}.Ad-Hoc|x86.ActiveCfg = Release|Any CPU
		{7F6AB514-458C-4C41-AFA5-70C7E78F36EF}.Ad-Hoc|x86.Build.0 = Release|Any CPU
		{7F6AB514-458C-4C41-AFA5-70C7E78F36EF}.AppStore|Any CPU.ActiveCfg = Release|Any CPU
		{7F6AB514-458C-4C41-AFA5-70C7E78F36EF}.AppStore|Any CPU.Build.0 = Release|Any CPU
		{7F6AB514-458C-4C41-AFA5-70C7E78F36EF}.AppStore|ARM.ActiveCfg = Release|Any CPU
		{7F6AB514-458C-4C41-AFA5-70C7E78F36EF}.AppStore|ARM.Build.0 = Release|Any CPU
		{7F6AB514-458C-4C41-AFA5-70C7E78F36EF}.AppStore|iPhone.ActiveCfg = Release|Any CPU
		{7F6AB514-458C-4C41-AFA5-70C7E78F36EF}.AppStore|iPhone.Build.0 = Release|Any CPU
		{7F6AB514-458C-4C41-AFA5-70C7E78F36EF}.AppStore|iPhoneSimulator.ActiveCfg = Release|Any CPU
		{7F6AB514-458C-4C41-AFA5-70C7E78F36EF}.AppStore|iPhoneSimulator.Build.0 = Release|Any CPU
		{7F6AB514-458C-4C41-AFA5-70C7E78F36EF}.AppStore|x64.ActiveCfg = Release|Any CPU
		{7F6AB514-458C-4C41-AFA5-70C7E78F36EF}.AppStore|x64.Build.0 = Release|Any CPU
		{7F6AB514-458C-4C41-AFA5-70C7E78F36EF}.AppStore|x86.ActiveCfg = Release|Any CPU
		{7F6AB514-458C-4C41-AFA5-70C7E78F36EF}.AppStore|x86.Build.0 = Release|Any CPU
		{7F6AB514-458C-4C41-AFA5-70C7E78F36EF}.Debug|Any CPU.ActiveCfg = Debug|Any CPU
		{7F6AB514-458C-4C41-AFA5-70C7E78F36EF}.Debug|Any CPU.Build.0 = Debug|Any CPU
		{7F6AB514-458C-4C41-AFA5-70C7E78F36EF}.Debug|ARM.ActiveCfg = Debug|Any CPU
		{7F6AB514-458C-4C41-AFA5-70C7E78F36EF}.Debug|ARM.Build.0 = Debug|Any CPU
		{7F6AB514-458C-4C41-AFA5-70C7E78F36EF}.Debug|iPhone.ActiveCfg = Debug|Any CPU
		{7F6AB514-458C-4C41-AFA5-70C7E78F36EF}.Debug|iPhone.Build.0 = Debug|Any CPU
		{7F6AB514-458C-4C41-AFA5-70C7E78F36EF}.Debug|iPhoneSimulator.ActiveCfg = Debug|Any CPU
		{7F6AB514-458C-4C41-AFA5-70C7E78F36EF}.Debug|iPhoneSimulator.Build.0 = Debug|Any CPU
		{7F6AB514-458C-4C41-AFA5-70C7E78F36EF}.Debug|x64.ActiveCfg = Debug|Any CPU
		{7F6AB514-458C-4C41-AFA5-70C7E78F36EF}.Debug|x64.Build.0 = Debug|Any CPU
		{7F6AB514-458C-4C41-AFA5-70C7E78F36EF}.Debug|x86.ActiveCfg = Debug|Any CPU
		{7F6AB514-458C-4C41-AFA5-70C7E78F36EF}.Debug|x86.Build.0 = Debug|Any CPU
		{7F6AB514-458C-4C41-AFA5-70C7E78F36EF}.Release|Any CPU.ActiveCfg = Release|Any CPU
		{7F6AB514-458C-4C41-AFA5-70C7E78F36EF}.Release|Any CPU.Build.0 = Release|Any CPU
		{7F6AB514-458C-4C41-AFA5-70C7E78F36EF}.Release|ARM.ActiveCfg = Release|Any CPU
		{7F6AB514-458C-4C41-AFA5-70C7E78F36EF}.Release|ARM.Build.0 = Release|Any CPU
		{7F6AB514-458C-4C41-AFA5-70C7E78F36EF}.Release|iPhone.ActiveCfg = Release|Any CPU
		{7F6AB514-458C-4C41-AFA5-70C7E78F36EF}.Release|iPhone.Build.0 = Release|Any CPU
		{7F6AB514-458C-4C41-AFA5-70C7E78F36EF}.Release|iPhoneSimulator.ActiveCfg = Release|Any CPU
		{7F6AB514-458C-4C41-AFA5-70C7E78F36EF}.Release|iPhoneSimulator.Build.0 = Release|Any CPU
		{7F6AB514-458C-4C41-AFA5-70C7E78F36EF}.Release|x64.ActiveCfg = Release|Any CPU
		{7F6AB514-458C-4C41-AFA5-70C7E78F36EF}.Release|x64.Build.0 = Release|Any CPU
		{7F6AB514-458C-4C41-AFA5-70C7E78F36EF}.Release|x86.ActiveCfg = Release|Any CPU
		{7F6AB514-458C-4C41-AFA5-70C7E78F36EF}.Release|x86.Build.0 = Release|Any CPU
		{4DC693D0-7741-4F72-94DE-E2FFA9AC3B27}.Ad-Hoc|Any CPU.ActiveCfg = Release|Any CPU
		{4DC693D0-7741-4F72-94DE-E2FFA9AC3B27}.Ad-Hoc|Any CPU.Build.0 = Release|Any CPU
		{4DC693D0-7741-4F72-94DE-E2FFA9AC3B27}.Ad-Hoc|ARM.ActiveCfg = Release|Any CPU
		{4DC693D0-7741-4F72-94DE-E2FFA9AC3B27}.Ad-Hoc|ARM.Build.0 = Release|Any CPU
		{4DC693D0-7741-4F72-94DE-E2FFA9AC3B27}.Ad-Hoc|iPhone.ActiveCfg = Release|Any CPU
		{4DC693D0-7741-4F72-94DE-E2FFA9AC3B27}.Ad-Hoc|iPhone.Build.0 = Release|Any CPU
		{4DC693D0-7741-4F72-94DE-E2FFA9AC3B27}.Ad-Hoc|iPhoneSimulator.ActiveCfg = Release|Any CPU
		{4DC693D0-7741-4F72-94DE-E2FFA9AC3B27}.Ad-Hoc|iPhoneSimulator.Build.0 = Release|Any CPU
		{4DC693D0-7741-4F72-94DE-E2FFA9AC3B27}.Ad-Hoc|x64.ActiveCfg = Release|Any CPU
		{4DC693D0-7741-4F72-94DE-E2FFA9AC3B27}.Ad-Hoc|x64.Build.0 = Release|Any CPU
		{4DC693D0-7741-4F72-94DE-E2FFA9AC3B27}.Ad-Hoc|x86.ActiveCfg = Release|Any CPU
		{4DC693D0-7741-4F72-94DE-E2FFA9AC3B27}.Ad-Hoc|x86.Build.0 = Release|Any CPU
		{4DC693D0-7741-4F72-94DE-E2FFA9AC3B27}.AppStore|Any CPU.ActiveCfg = Release|Any CPU
		{4DC693D0-7741-4F72-94DE-E2FFA9AC3B27}.AppStore|Any CPU.Build.0 = Release|Any CPU
		{4DC693D0-7741-4F72-94DE-E2FFA9AC3B27}.AppStore|ARM.ActiveCfg = Release|Any CPU
		{4DC693D0-7741-4F72-94DE-E2FFA9AC3B27}.AppStore|ARM.Build.0 = Release|Any CPU
		{4DC693D0-7741-4F72-94DE-E2FFA9AC3B27}.AppStore|iPhone.ActiveCfg = Release|Any CPU
		{4DC693D0-7741-4F72-94DE-E2FFA9AC3B27}.AppStore|iPhone.Build.0 = Release|Any CPU
		{4DC693D0-7741-4F72-94DE-E2FFA9AC3B27}.AppStore|iPhoneSimulator.ActiveCfg = Release|Any CPU
		{4DC693D0-7741-4F72-94DE-E2FFA9AC3B27}.AppStore|iPhoneSimulator.Build.0 = Release|Any CPU
		{4DC693D0-7741-4F72-94DE-E2FFA9AC3B27}.AppStore|x64.ActiveCfg = Release|Any CPU
		{4DC693D0-7741-4F72-94DE-E2FFA9AC3B27}.AppStore|x64.Build.0 = Release|Any CPU
		{4DC693D0-7741-4F72-94DE-E2FFA9AC3B27}.AppStore|x86.ActiveCfg = Release|Any CPU
		{4DC693D0-7741-4F72-94DE-E2FFA9AC3B27}.AppStore|x86.Build.0 = Release|Any CPU
		{4DC693D0-7741-4F72-94DE-E2FFA9AC3B27}.Debug|Any CPU.ActiveCfg = Debug|Any CPU
		{4DC693D0-7741-4F72-94DE-E2FFA9AC3B27}.Debug|Any CPU.Build.0 = Debug|Any CPU
		{4DC693D0-7741-4F72-94DE-E2FFA9AC3B27}.Debug|ARM.ActiveCfg = Debug|Any CPU
		{4DC693D0-7741-4F72-94DE-E2FFA9AC3B27}.Debug|ARM.Build.0 = Debug|Any CPU
		{4DC693D0-7741-4F72-94DE-E2FFA9AC3B27}.Debug|iPhone.ActiveCfg = Debug|Any CPU
		{4DC693D0-7741-4F72-94DE-E2FFA9AC3B27}.Debug|iPhone.Build.0 = Debug|Any CPU
		{4DC693D0-7741-4F72-94DE-E2FFA9AC3B27}.Debug|iPhoneSimulator.ActiveCfg = Debug|Any CPU
		{4DC693D0-7741-4F72-94DE-E2FFA9AC3B27}.Debug|iPhoneSimulator.Build.0 = Debug|Any CPU
		{4DC693D0-7741-4F72-94DE-E2FFA9AC3B27}.Debug|x64.ActiveCfg = Debug|Any CPU
		{4DC693D0-7741-4F72-94DE-E2FFA9AC3B27}.Debug|x64.Build.0 = Debug|Any CPU
		{4DC693D0-7741-4F72-94DE-E2FFA9AC3B27}.Debug|x86.ActiveCfg = Debug|Any CPU
		{4DC693D0-7741-4F72-94DE-E2FFA9AC3B27}.Debug|x86.Build.0 = Debug|Any CPU
		{4DC693D0-7741-4F72-94DE-E2FFA9AC3B27}.Release|Any CPU.ActiveCfg = Release|Any CPU
		{4DC693D0-7741-4F72-94DE-E2FFA9AC3B27}.Release|Any CPU.Build.0 = Release|Any CPU
		{4DC693D0-7741-4F72-94DE-E2FFA9AC3B27}.Release|ARM.ActiveCfg = Release|Any CPU
		{4DC693D0-7741-4F72-94DE-E2FFA9AC3B27}.Release|ARM.Build.0 = Release|Any CPU
		{4DC693D0-7741-4F72-94DE-E2FFA9AC3B27}.Release|iPhone.ActiveCfg = Release|Any CPU
		{4DC693D0-7741-4F72-94DE-E2FFA9AC3B27}.Release|iPhone.Build.0 = Release|Any CPU
		{4DC693D0-7741-4F72-94DE-E2FFA9AC3B27}.Release|iPhoneSimulator.ActiveCfg = Release|Any CPU
		{4DC693D0-7741-4F72-94DE-E2FFA9AC3B27}.Release|iPhoneSimulator.Build.0 = Release|Any CPU
		{4DC693D0-7741-4F72-94DE-E2FFA9AC3B27}.Release|x64.ActiveCfg = Release|Any CPU
		{4DC693D0-7741-4F72-94DE-E2FFA9AC3B27}.Release|x64.Build.0 = Release|Any CPU
		{4DC693D0-7741-4F72-94DE-E2FFA9AC3B27}.Release|x86.ActiveCfg = Release|Any CPU
		{4DC693D0-7741-4F72-94DE-E2FFA9AC3B27}.Release|x86.Build.0 = Release|Any CPU
		{6C250FE9-B61F-4838-AD2C-0B664BF15868}.Ad-Hoc|Any CPU.ActiveCfg = Release|Any CPU
		{6C250FE9-B61F-4838-AD2C-0B664BF15868}.Ad-Hoc|Any CPU.Build.0 = Release|Any CPU
		{6C250FE9-B61F-4838-AD2C-0B664BF15868}.Ad-Hoc|Any CPU.Deploy.0 = Release|Any CPU
		{6C250FE9-B61F-4838-AD2C-0B664BF15868}.Ad-Hoc|ARM.ActiveCfg = Release|Any CPU
		{6C250FE9-B61F-4838-AD2C-0B664BF15868}.Ad-Hoc|ARM.Build.0 = Release|Any CPU
		{6C250FE9-B61F-4838-AD2C-0B664BF15868}.Ad-Hoc|ARM.Deploy.0 = Release|Any CPU
		{6C250FE9-B61F-4838-AD2C-0B664BF15868}.Ad-Hoc|iPhone.ActiveCfg = Release|Any CPU
		{6C250FE9-B61F-4838-AD2C-0B664BF15868}.Ad-Hoc|iPhone.Build.0 = Release|Any CPU
		{6C250FE9-B61F-4838-AD2C-0B664BF15868}.Ad-Hoc|iPhone.Deploy.0 = Release|Any CPU
		{6C250FE9-B61F-4838-AD2C-0B664BF15868}.Ad-Hoc|iPhoneSimulator.ActiveCfg = Release|Any CPU
		{6C250FE9-B61F-4838-AD2C-0B664BF15868}.Ad-Hoc|iPhoneSimulator.Build.0 = Release|Any CPU
		{6C250FE9-B61F-4838-AD2C-0B664BF15868}.Ad-Hoc|iPhoneSimulator.Deploy.0 = Release|Any CPU
		{6C250FE9-B61F-4838-AD2C-0B664BF15868}.Ad-Hoc|x64.ActiveCfg = Release|Any CPU
		{6C250FE9-B61F-4838-AD2C-0B664BF15868}.Ad-Hoc|x64.Build.0 = Release|Any CPU
		{6C250FE9-B61F-4838-AD2C-0B664BF15868}.Ad-Hoc|x64.Deploy.0 = Release|Any CPU
		{6C250FE9-B61F-4838-AD2C-0B664BF15868}.Ad-Hoc|x86.ActiveCfg = Release|Any CPU
		{6C250FE9-B61F-4838-AD2C-0B664BF15868}.Ad-Hoc|x86.Build.0 = Release|Any CPU
		{6C250FE9-B61F-4838-AD2C-0B664BF15868}.Ad-Hoc|x86.Deploy.0 = Release|Any CPU
		{6C250FE9-B61F-4838-AD2C-0B664BF15868}.AppStore|Any CPU.ActiveCfg = Release|Any CPU
		{6C250FE9-B61F-4838-AD2C-0B664BF15868}.AppStore|Any CPU.Build.0 = Release|Any CPU
		{6C250FE9-B61F-4838-AD2C-0B664BF15868}.AppStore|Any CPU.Deploy.0 = Release|Any CPU
		{6C250FE9-B61F-4838-AD2C-0B664BF15868}.AppStore|ARM.ActiveCfg = Release|Any CPU
		{6C250FE9-B61F-4838-AD2C-0B664BF15868}.AppStore|ARM.Build.0 = Release|Any CPU
		{6C250FE9-B61F-4838-AD2C-0B664BF15868}.AppStore|ARM.Deploy.0 = Release|Any CPU
		{6C250FE9-B61F-4838-AD2C-0B664BF15868}.AppStore|iPhone.ActiveCfg = Release|Any CPU
		{6C250FE9-B61F-4838-AD2C-0B664BF15868}.AppStore|iPhone.Build.0 = Release|Any CPU
		{6C250FE9-B61F-4838-AD2C-0B664BF15868}.AppStore|iPhone.Deploy.0 = Release|Any CPU
		{6C250FE9-B61F-4838-AD2C-0B664BF15868}.AppStore|iPhoneSimulator.ActiveCfg = Release|Any CPU
		{6C250FE9-B61F-4838-AD2C-0B664BF15868}.AppStore|iPhoneSimulator.Build.0 = Release|Any CPU
		{6C250FE9-B61F-4838-AD2C-0B664BF15868}.AppStore|iPhoneSimulator.Deploy.0 = Release|Any CPU
		{6C250FE9-B61F-4838-AD2C-0B664BF15868}.AppStore|x64.ActiveCfg = Release|Any CPU
		{6C250FE9-B61F-4838-AD2C-0B664BF15868}.AppStore|x64.Build.0 = Release|Any CPU
		{6C250FE9-B61F-4838-AD2C-0B664BF15868}.AppStore|x64.Deploy.0 = Release|Any CPU
		{6C250FE9-B61F-4838-AD2C-0B664BF15868}.AppStore|x86.ActiveCfg = Release|Any CPU
		{6C250FE9-B61F-4838-AD2C-0B664BF15868}.AppStore|x86.Build.0 = Release|Any CPU
		{6C250FE9-B61F-4838-AD2C-0B664BF15868}.AppStore|x86.Deploy.0 = Release|Any CPU
		{6C250FE9-B61F-4838-AD2C-0B664BF15868}.Debug|Any CPU.ActiveCfg = Debug|Any CPU
		{6C250FE9-B61F-4838-AD2C-0B664BF15868}.Debug|Any CPU.Build.0 = Debug|Any CPU
		{6C250FE9-B61F-4838-AD2C-0B664BF15868}.Debug|Any CPU.Deploy.0 = Debug|Any CPU
		{6C250FE9-B61F-4838-AD2C-0B664BF15868}.Debug|ARM.ActiveCfg = Debug|Any CPU
		{6C250FE9-B61F-4838-AD2C-0B664BF15868}.Debug|ARM.Build.0 = Debug|Any CPU
		{6C250FE9-B61F-4838-AD2C-0B664BF15868}.Debug|ARM.Deploy.0 = Debug|Any CPU
		{6C250FE9-B61F-4838-AD2C-0B664BF15868}.Debug|iPhone.ActiveCfg = Debug|Any CPU
		{6C250FE9-B61F-4838-AD2C-0B664BF15868}.Debug|iPhone.Build.0 = Debug|Any CPU
		{6C250FE9-B61F-4838-AD2C-0B664BF15868}.Debug|iPhone.Deploy.0 = Debug|Any CPU
		{6C250FE9-B61F-4838-AD2C-0B664BF15868}.Debug|iPhoneSimulator.ActiveCfg = Debug|Any CPU
		{6C250FE9-B61F-4838-AD2C-0B664BF15868}.Debug|iPhoneSimulator.Build.0 = Debug|Any CPU
		{6C250FE9-B61F-4838-AD2C-0B664BF15868}.Debug|iPhoneSimulator.Deploy.0 = Debug|Any CPU
		{6C250FE9-B61F-4838-AD2C-0B664BF15868}.Debug|x64.ActiveCfg = Debug|Any CPU
		{6C250FE9-B61F-4838-AD2C-0B664BF15868}.Debug|x64.Build.0 = Debug|Any CPU
		{6C250FE9-B61F-4838-AD2C-0B664BF15868}.Debug|x64.Deploy.0 = Debug|Any CPU
		{6C250FE9-B61F-4838-AD2C-0B664BF15868}.Debug|x86.ActiveCfg = Debug|Any CPU
		{6C250FE9-B61F-4838-AD2C-0B664BF15868}.Debug|x86.Build.0 = Debug|Any CPU
		{6C250FE9-B61F-4838-AD2C-0B664BF15868}.Debug|x86.Deploy.0 = Debug|Any CPU
		{6C250FE9-B61F-4838-AD2C-0B664BF15868}.Release|Any CPU.ActiveCfg = Release|Any CPU
		{6C250FE9-B61F-4838-AD2C-0B664BF15868}.Release|Any CPU.Build.0 = Release|Any CPU
		{6C250FE9-B61F-4838-AD2C-0B664BF15868}.Release|Any CPU.Deploy.0 = Release|Any CPU
		{6C250FE9-B61F-4838-AD2C-0B664BF15868}.Release|ARM.ActiveCfg = Release|Any CPU
		{6C250FE9-B61F-4838-AD2C-0B664BF15868}.Release|ARM.Build.0 = Release|Any CPU
		{6C250FE9-B61F-4838-AD2C-0B664BF15868}.Release|ARM.Deploy.0 = Release|Any CPU
		{6C250FE9-B61F-4838-AD2C-0B664BF15868}.Release|iPhone.ActiveCfg = Release|Any CPU
		{6C250FE9-B61F-4838-AD2C-0B664BF15868}.Release|iPhone.Build.0 = Release|Any CPU
		{6C250FE9-B61F-4838-AD2C-0B664BF15868}.Release|iPhone.Deploy.0 = Release|Any CPU
		{6C250FE9-B61F-4838-AD2C-0B664BF15868}.Release|iPhoneSimulator.ActiveCfg = Release|Any CPU
		{6C250FE9-B61F-4838-AD2C-0B664BF15868}.Release|iPhoneSimulator.Build.0 = Release|Any CPU
		{6C250FE9-B61F-4838-AD2C-0B664BF15868}.Release|iPhoneSimulator.Deploy.0 = Release|Any CPU
		{6C250FE9-B61F-4838-AD2C-0B664BF15868}.Release|x64.ActiveCfg = Release|Any CPU
		{6C250FE9-B61F-4838-AD2C-0B664BF15868}.Release|x64.Build.0 = Release|Any CPU
		{6C250FE9-B61F-4838-AD2C-0B664BF15868}.Release|x64.Deploy.0 = Release|Any CPU
		{6C250FE9-B61F-4838-AD2C-0B664BF15868}.Release|x86.ActiveCfg = Release|Any CPU
		{6C250FE9-B61F-4838-AD2C-0B664BF15868}.Release|x86.Build.0 = Release|Any CPU
		{6C250FE9-B61F-4838-AD2C-0B664BF15868}.Release|x86.Deploy.0 = Release|Any CPU
		{782FF2E4-7E7B-4A92-A55E-E0F052D03BC0}.Ad-Hoc|Any CPU.ActiveCfg = Release|Any CPU
		{782FF2E4-7E7B-4A92-A55E-E0F052D03BC0}.Ad-Hoc|Any CPU.Build.0 = Release|Any CPU
		{782FF2E4-7E7B-4A92-A55E-E0F052D03BC0}.Ad-Hoc|ARM.ActiveCfg = Release|Any CPU
		{782FF2E4-7E7B-4A92-A55E-E0F052D03BC0}.Ad-Hoc|ARM.Build.0 = Release|Any CPU
		{782FF2E4-7E7B-4A92-A55E-E0F052D03BC0}.Ad-Hoc|iPhone.ActiveCfg = Release|Any CPU
		{782FF2E4-7E7B-4A92-A55E-E0F052D03BC0}.Ad-Hoc|iPhone.Build.0 = Release|Any CPU
		{782FF2E4-7E7B-4A92-A55E-E0F052D03BC0}.Ad-Hoc|iPhoneSimulator.ActiveCfg = Release|Any CPU
		{782FF2E4-7E7B-4A92-A55E-E0F052D03BC0}.Ad-Hoc|iPhoneSimulator.Build.0 = Release|Any CPU
		{782FF2E4-7E7B-4A92-A55E-E0F052D03BC0}.Ad-Hoc|x64.ActiveCfg = Release|Any CPU
		{782FF2E4-7E7B-4A92-A55E-E0F052D03BC0}.Ad-Hoc|x64.Build.0 = Release|Any CPU
		{782FF2E4-7E7B-4A92-A55E-E0F052D03BC0}.Ad-Hoc|x86.ActiveCfg = Release|Any CPU
		{782FF2E4-7E7B-4A92-A55E-E0F052D03BC0}.Ad-Hoc|x86.Build.0 = Release|Any CPU
		{782FF2E4-7E7B-4A92-A55E-E0F052D03BC0}.AppStore|Any CPU.ActiveCfg = Release|Any CPU
		{782FF2E4-7E7B-4A92-A55E-E0F052D03BC0}.AppStore|Any CPU.Build.0 = Release|Any CPU
		{782FF2E4-7E7B-4A92-A55E-E0F052D03BC0}.AppStore|ARM.ActiveCfg = Release|Any CPU
		{782FF2E4-7E7B-4A92-A55E-E0F052D03BC0}.AppStore|ARM.Build.0 = Release|Any CPU
		{782FF2E4-7E7B-4A92-A55E-E0F052D03BC0}.AppStore|iPhone.ActiveCfg = Release|Any CPU
		{782FF2E4-7E7B-4A92-A55E-E0F052D03BC0}.AppStore|iPhone.Build.0 = Release|Any CPU
		{782FF2E4-7E7B-4A92-A55E-E0F052D03BC0}.AppStore|iPhoneSimulator.ActiveCfg = Release|Any CPU
		{782FF2E4-7E7B-4A92-A55E-E0F052D03BC0}.AppStore|iPhoneSimulator.Build.0 = Release|Any CPU
		{782FF2E4-7E7B-4A92-A55E-E0F052D03BC0}.AppStore|x64.ActiveCfg = Release|Any CPU
		{782FF2E4-7E7B-4A92-A55E-E0F052D03BC0}.AppStore|x64.Build.0 = Release|Any CPU
		{782FF2E4-7E7B-4A92-A55E-E0F052D03BC0}.AppStore|x86.ActiveCfg = Release|Any CPU
		{782FF2E4-7E7B-4A92-A55E-E0F052D03BC0}.AppStore|x86.Build.0 = Release|Any CPU
		{782FF2E4-7E7B-4A92-A55E-E0F052D03BC0}.Debug|Any CPU.ActiveCfg = Debug|Any CPU
		{782FF2E4-7E7B-4A92-A55E-E0F052D03BC0}.Debug|ARM.ActiveCfg = Debug|Any CPU
		{782FF2E4-7E7B-4A92-A55E-E0F052D03BC0}.Debug|ARM.Build.0 = Debug|Any CPU
		{782FF2E4-7E7B-4A92-A55E-E0F052D03BC0}.Debug|iPhone.ActiveCfg = Debug|Any CPU
		{782FF2E4-7E7B-4A92-A55E-E0F052D03BC0}.Debug|iPhone.Build.0 = Debug|Any CPU
		{782FF2E4-7E7B-4A92-A55E-E0F052D03BC0}.Debug|iPhoneSimulator.ActiveCfg = Debug|Any CPU
		{782FF2E4-7E7B-4A92-A55E-E0F052D03BC0}.Debug|iPhoneSimulator.Build.0 = Debug|Any CPU
		{782FF2E4-7E7B-4A92-A55E-E0F052D03BC0}.Debug|x64.ActiveCfg = Debug|Any CPU
		{782FF2E4-7E7B-4A92-A55E-E0F052D03BC0}.Debug|x64.Build.0 = Debug|Any CPU
		{782FF2E4-7E7B-4A92-A55E-E0F052D03BC0}.Debug|x86.ActiveCfg = Debug|Any CPU
		{782FF2E4-7E7B-4A92-A55E-E0F052D03BC0}.Debug|x86.Build.0 = Debug|Any CPU
		{782FF2E4-7E7B-4A92-A55E-E0F052D03BC0}.Release|Any CPU.ActiveCfg = Release|Any CPU
		{782FF2E4-7E7B-4A92-A55E-E0F052D03BC0}.Release|Any CPU.Build.0 = Release|Any CPU
		{782FF2E4-7E7B-4A92-A55E-E0F052D03BC0}.Release|ARM.ActiveCfg = Release|Any CPU
		{782FF2E4-7E7B-4A92-A55E-E0F052D03BC0}.Release|ARM.Build.0 = Release|Any CPU
		{782FF2E4-7E7B-4A92-A55E-E0F052D03BC0}.Release|iPhone.ActiveCfg = Release|Any CPU
		{782FF2E4-7E7B-4A92-A55E-E0F052D03BC0}.Release|iPhone.Build.0 = Release|Any CPU
		{782FF2E4-7E7B-4A92-A55E-E0F052D03BC0}.Release|iPhoneSimulator.ActiveCfg = Release|Any CPU
		{782FF2E4-7E7B-4A92-A55E-E0F052D03BC0}.Release|iPhoneSimulator.Build.0 = Release|Any CPU
		{782FF2E4-7E7B-4A92-A55E-E0F052D03BC0}.Release|x64.ActiveCfg = Release|Any CPU
		{782FF2E4-7E7B-4A92-A55E-E0F052D03BC0}.Release|x64.Build.0 = Release|Any CPU
		{782FF2E4-7E7B-4A92-A55E-E0F052D03BC0}.Release|x86.ActiveCfg = Release|Any CPU
		{782FF2E4-7E7B-4A92-A55E-E0F052D03BC0}.Release|x86.Build.0 = Release|Any CPU
		{794CE203-F77A-4346-8892-0A716B8A4D15}.Ad-Hoc|Any CPU.ActiveCfg = Release|x86
		{794CE203-F77A-4346-8892-0A716B8A4D15}.Ad-Hoc|Any CPU.Build.0 = Release|x86
		{794CE203-F77A-4346-8892-0A716B8A4D15}.Ad-Hoc|Any CPU.Deploy.0 = Release|x86
		{794CE203-F77A-4346-8892-0A716B8A4D15}.Ad-Hoc|ARM.ActiveCfg = Release|ARM
		{794CE203-F77A-4346-8892-0A716B8A4D15}.Ad-Hoc|ARM.Build.0 = Release|ARM
		{794CE203-F77A-4346-8892-0A716B8A4D15}.Ad-Hoc|ARM.Deploy.0 = Release|ARM
		{794CE203-F77A-4346-8892-0A716B8A4D15}.Ad-Hoc|iPhone.ActiveCfg = Release|x86
		{794CE203-F77A-4346-8892-0A716B8A4D15}.Ad-Hoc|iPhone.Build.0 = Release|x86
		{794CE203-F77A-4346-8892-0A716B8A4D15}.Ad-Hoc|iPhone.Deploy.0 = Release|x86
		{794CE203-F77A-4346-8892-0A716B8A4D15}.Ad-Hoc|iPhoneSimulator.ActiveCfg = Release|x86
		{794CE203-F77A-4346-8892-0A716B8A4D15}.Ad-Hoc|iPhoneSimulator.Build.0 = Release|x86
		{794CE203-F77A-4346-8892-0A716B8A4D15}.Ad-Hoc|iPhoneSimulator.Deploy.0 = Release|x86
		{794CE203-F77A-4346-8892-0A716B8A4D15}.Ad-Hoc|x64.ActiveCfg = Release|x64
		{794CE203-F77A-4346-8892-0A716B8A4D15}.Ad-Hoc|x64.Build.0 = Release|x64
		{794CE203-F77A-4346-8892-0A716B8A4D15}.Ad-Hoc|x64.Deploy.0 = Release|x64
		{794CE203-F77A-4346-8892-0A716B8A4D15}.Ad-Hoc|x86.ActiveCfg = Release|x86
		{794CE203-F77A-4346-8892-0A716B8A4D15}.Ad-Hoc|x86.Build.0 = Release|x86
		{794CE203-F77A-4346-8892-0A716B8A4D15}.Ad-Hoc|x86.Deploy.0 = Release|x86
		{794CE203-F77A-4346-8892-0A716B8A4D15}.AppStore|Any CPU.ActiveCfg = Release|x86
		{794CE203-F77A-4346-8892-0A716B8A4D15}.AppStore|Any CPU.Build.0 = Release|x86
		{794CE203-F77A-4346-8892-0A716B8A4D15}.AppStore|Any CPU.Deploy.0 = Release|x86
		{794CE203-F77A-4346-8892-0A716B8A4D15}.AppStore|ARM.ActiveCfg = Release|ARM
		{794CE203-F77A-4346-8892-0A716B8A4D15}.AppStore|ARM.Build.0 = Release|ARM
		{794CE203-F77A-4346-8892-0A716B8A4D15}.AppStore|ARM.Deploy.0 = Release|ARM
		{794CE203-F77A-4346-8892-0A716B8A4D15}.AppStore|iPhone.ActiveCfg = Release|x86
		{794CE203-F77A-4346-8892-0A716B8A4D15}.AppStore|iPhone.Build.0 = Release|x86
		{794CE203-F77A-4346-8892-0A716B8A4D15}.AppStore|iPhone.Deploy.0 = Release|x86
		{794CE203-F77A-4346-8892-0A716B8A4D15}.AppStore|iPhoneSimulator.ActiveCfg = Release|x86
		{794CE203-F77A-4346-8892-0A716B8A4D15}.AppStore|iPhoneSimulator.Build.0 = Release|x86
		{794CE203-F77A-4346-8892-0A716B8A4D15}.AppStore|iPhoneSimulator.Deploy.0 = Release|x86
		{794CE203-F77A-4346-8892-0A716B8A4D15}.AppStore|x64.ActiveCfg = Release|x64
		{794CE203-F77A-4346-8892-0A716B8A4D15}.AppStore|x64.Build.0 = Release|x64
		{794CE203-F77A-4346-8892-0A716B8A4D15}.AppStore|x64.Deploy.0 = Release|x64
		{794CE203-F77A-4346-8892-0A716B8A4D15}.AppStore|x86.ActiveCfg = Release|x86
		{794CE203-F77A-4346-8892-0A716B8A4D15}.AppStore|x86.Build.0 = Release|x86
		{794CE203-F77A-4346-8892-0A716B8A4D15}.AppStore|x86.Deploy.0 = Release|x86
		{794CE203-F77A-4346-8892-0A716B8A4D15}.Debug|Any CPU.ActiveCfg = Debug|x86
		{794CE203-F77A-4346-8892-0A716B8A4D15}.Debug|ARM.ActiveCfg = Debug|ARM
		{794CE203-F77A-4346-8892-0A716B8A4D15}.Debug|ARM.Build.0 = Debug|ARM
		{794CE203-F77A-4346-8892-0A716B8A4D15}.Debug|ARM.Deploy.0 = Debug|ARM
		{794CE203-F77A-4346-8892-0A716B8A4D15}.Debug|iPhone.ActiveCfg = Debug|x86
		{794CE203-F77A-4346-8892-0A716B8A4D15}.Debug|iPhoneSimulator.ActiveCfg = Debug|x86
		{794CE203-F77A-4346-8892-0A716B8A4D15}.Debug|x64.ActiveCfg = Debug|x64
		{794CE203-F77A-4346-8892-0A716B8A4D15}.Debug|x64.Build.0 = Debug|x64
		{794CE203-F77A-4346-8892-0A716B8A4D15}.Debug|x64.Deploy.0 = Debug|x64
		{794CE203-F77A-4346-8892-0A716B8A4D15}.Debug|x86.ActiveCfg = Debug|x86
		{794CE203-F77A-4346-8892-0A716B8A4D15}.Debug|x86.Build.0 = Debug|x86
		{794CE203-F77A-4346-8892-0A716B8A4D15}.Debug|x86.Deploy.0 = Debug|x86
		{794CE203-F77A-4346-8892-0A716B8A4D15}.Release|Any CPU.ActiveCfg = Release|x86
		{794CE203-F77A-4346-8892-0A716B8A4D15}.Release|ARM.ActiveCfg = Release|ARM
		{794CE203-F77A-4346-8892-0A716B8A4D15}.Release|ARM.Build.0 = Release|ARM
		{794CE203-F77A-4346-8892-0A716B8A4D15}.Release|ARM.Deploy.0 = Release|ARM
		{794CE203-F77A-4346-8892-0A716B8A4D15}.Release|iPhone.ActiveCfg = Release|x86
		{794CE203-F77A-4346-8892-0A716B8A4D15}.Release|iPhoneSimulator.ActiveCfg = Release|x86
		{794CE203-F77A-4346-8892-0A716B8A4D15}.Release|x64.ActiveCfg = Release|x64
		{794CE203-F77A-4346-8892-0A716B8A4D15}.Release|x64.Build.0 = Release|x64
		{794CE203-F77A-4346-8892-0A716B8A4D15}.Release|x64.Deploy.0 = Release|x64
		{794CE203-F77A-4346-8892-0A716B8A4D15}.Release|x86.ActiveCfg = Release|x86
		{794CE203-F77A-4346-8892-0A716B8A4D15}.Release|x86.Build.0 = Release|x86
		{794CE203-F77A-4346-8892-0A716B8A4D15}.Release|x86.Deploy.0 = Release|x86
		{8B6C1FCA-32B7-4D82-80E2-4A0D69CB5235}.Ad-Hoc|Any CPU.ActiveCfg = Ad-Hoc|iPhone
		{8B6C1FCA-32B7-4D82-80E2-4A0D69CB5235}.Ad-Hoc|ARM.ActiveCfg = Ad-Hoc|iPhone
		{8B6C1FCA-32B7-4D82-80E2-4A0D69CB5235}.Ad-Hoc|iPhone.ActiveCfg = Ad-Hoc|iPhone
		{8B6C1FCA-32B7-4D82-80E2-4A0D69CB5235}.Ad-Hoc|iPhone.Build.0 = Ad-Hoc|iPhone
		{8B6C1FCA-32B7-4D82-80E2-4A0D69CB5235}.Ad-Hoc|iPhoneSimulator.ActiveCfg = Ad-Hoc|iPhoneSimulator
		{8B6C1FCA-32B7-4D82-80E2-4A0D69CB5235}.Ad-Hoc|iPhoneSimulator.Build.0 = Ad-Hoc|iPhoneSimulator
		{8B6C1FCA-32B7-4D82-80E2-4A0D69CB5235}.Ad-Hoc|x64.ActiveCfg = Ad-Hoc|iPhone
		{8B6C1FCA-32B7-4D82-80E2-4A0D69CB5235}.Ad-Hoc|x86.ActiveCfg = Ad-Hoc|iPhone
		{8B6C1FCA-32B7-4D82-80E2-4A0D69CB5235}.AppStore|Any CPU.ActiveCfg = AppStore|iPhone
		{8B6C1FCA-32B7-4D82-80E2-4A0D69CB5235}.AppStore|ARM.ActiveCfg = AppStore|iPhone
		{8B6C1FCA-32B7-4D82-80E2-4A0D69CB5235}.AppStore|iPhone.ActiveCfg = AppStore|iPhone
		{8B6C1FCA-32B7-4D82-80E2-4A0D69CB5235}.AppStore|iPhone.Build.0 = AppStore|iPhone
		{8B6C1FCA-32B7-4D82-80E2-4A0D69CB5235}.AppStore|iPhoneSimulator.ActiveCfg = AppStore|iPhoneSimulator
		{8B6C1FCA-32B7-4D82-80E2-4A0D69CB5235}.AppStore|iPhoneSimulator.Build.0 = AppStore|iPhoneSimulator
		{8B6C1FCA-32B7-4D82-80E2-4A0D69CB5235}.AppStore|x64.ActiveCfg = AppStore|iPhone
		{8B6C1FCA-32B7-4D82-80E2-4A0D69CB5235}.AppStore|x86.ActiveCfg = AppStore|iPhone
		{8B6C1FCA-32B7-4D82-80E2-4A0D69CB5235}.Debug|Any CPU.ActiveCfg = Debug|iPhone
		{8B6C1FCA-32B7-4D82-80E2-4A0D69CB5235}.Debug|ARM.ActiveCfg = Debug|iPhone
		{8B6C1FCA-32B7-4D82-80E2-4A0D69CB5235}.Debug|iPhone.ActiveCfg = Debug|iPhone
		{8B6C1FCA-32B7-4D82-80E2-4A0D69CB5235}.Debug|iPhone.Build.0 = Debug|iPhone
		{8B6C1FCA-32B7-4D82-80E2-4A0D69CB5235}.Debug|iPhoneSimulator.ActiveCfg = Debug|iPhoneSimulator
		{8B6C1FCA-32B7-4D82-80E2-4A0D69CB5235}.Debug|iPhoneSimulator.Build.0 = Debug|iPhoneSimulator
		{8B6C1FCA-32B7-4D82-80E2-4A0D69CB5235}.Debug|x64.ActiveCfg = Debug|iPhone
		{8B6C1FCA-32B7-4D82-80E2-4A0D69CB5235}.Debug|x86.ActiveCfg = Debug|iPhone
		{8B6C1FCA-32B7-4D82-80E2-4A0D69CB5235}.Release|Any CPU.ActiveCfg = Release|iPhone
		{8B6C1FCA-32B7-4D82-80E2-4A0D69CB5235}.Release|ARM.ActiveCfg = Release|iPhone
		{8B6C1FCA-32B7-4D82-80E2-4A0D69CB5235}.Release|iPhone.ActiveCfg = Release|iPhone
		{8B6C1FCA-32B7-4D82-80E2-4A0D69CB5235}.Release|iPhone.Build.0 = Release|iPhone
		{8B6C1FCA-32B7-4D82-80E2-4A0D69CB5235}.Release|iPhoneSimulator.ActiveCfg = Release|iPhoneSimulator
		{8B6C1FCA-32B7-4D82-80E2-4A0D69CB5235}.Release|iPhoneSimulator.Build.0 = Release|iPhoneSimulator
		{8B6C1FCA-32B7-4D82-80E2-4A0D69CB5235}.Release|x64.ActiveCfg = Release|iPhone
		{8B6C1FCA-32B7-4D82-80E2-4A0D69CB5235}.Release|x86.ActiveCfg = Release|iPhone
		{4560E4F2-0FDE-4978-8B72-9E7147DD3773}.Ad-Hoc|Any CPU.ActiveCfg = Release|Any CPU
		{4560E4F2-0FDE-4978-8B72-9E7147DD3773}.Ad-Hoc|Any CPU.Build.0 = Release|Any CPU
		{4560E4F2-0FDE-4978-8B72-9E7147DD3773}.Ad-Hoc|ARM.ActiveCfg = Release|Any CPU
		{4560E4F2-0FDE-4978-8B72-9E7147DD3773}.Ad-Hoc|ARM.Build.0 = Release|Any CPU
		{4560E4F2-0FDE-4978-8B72-9E7147DD3773}.Ad-Hoc|iPhone.ActiveCfg = Release|Any CPU
		{4560E4F2-0FDE-4978-8B72-9E7147DD3773}.Ad-Hoc|iPhone.Build.0 = Release|Any CPU
		{4560E4F2-0FDE-4978-8B72-9E7147DD3773}.Ad-Hoc|iPhoneSimulator.ActiveCfg = Release|Any CPU
		{4560E4F2-0FDE-4978-8B72-9E7147DD3773}.Ad-Hoc|iPhoneSimulator.Build.0 = Release|Any CPU
		{4560E4F2-0FDE-4978-8B72-9E7147DD3773}.Ad-Hoc|x64.ActiveCfg = Release|Any CPU
		{4560E4F2-0FDE-4978-8B72-9E7147DD3773}.Ad-Hoc|x64.Build.0 = Release|Any CPU
		{4560E4F2-0FDE-4978-8B72-9E7147DD3773}.Ad-Hoc|x86.ActiveCfg = Release|Any CPU
		{4560E4F2-0FDE-4978-8B72-9E7147DD3773}.Ad-Hoc|x86.Build.0 = Release|Any CPU
		{4560E4F2-0FDE-4978-8B72-9E7147DD3773}.AppStore|Any CPU.ActiveCfg = Release|Any CPU
		{4560E4F2-0FDE-4978-8B72-9E7147DD3773}.AppStore|Any CPU.Build.0 = Release|Any CPU
		{4560E4F2-0FDE-4978-8B72-9E7147DD3773}.AppStore|ARM.ActiveCfg = Release|Any CPU
		{4560E4F2-0FDE-4978-8B72-9E7147DD3773}.AppStore|ARM.Build.0 = Release|Any CPU
		{4560E4F2-0FDE-4978-8B72-9E7147DD3773}.AppStore|iPhone.ActiveCfg = Release|Any CPU
		{4560E4F2-0FDE-4978-8B72-9E7147DD3773}.AppStore|iPhone.Build.0 = Release|Any CPU
		{4560E4F2-0FDE-4978-8B72-9E7147DD3773}.AppStore|iPhoneSimulator.ActiveCfg = Release|Any CPU
		{4560E4F2-0FDE-4978-8B72-9E7147DD3773}.AppStore|iPhoneSimulator.Build.0 = Release|Any CPU
		{4560E4F2-0FDE-4978-8B72-9E7147DD3773}.AppStore|x64.ActiveCfg = Release|Any CPU
		{4560E4F2-0FDE-4978-8B72-9E7147DD3773}.AppStore|x64.Build.0 = Release|Any CPU
		{4560E4F2-0FDE-4978-8B72-9E7147DD3773}.AppStore|x86.ActiveCfg = Release|Any CPU
		{4560E4F2-0FDE-4978-8B72-9E7147DD3773}.AppStore|x86.Build.0 = Release|Any CPU
		{4560E4F2-0FDE-4978-8B72-9E7147DD3773}.Debug|Any CPU.ActiveCfg = Debug|Any CPU
		{4560E4F2-0FDE-4978-8B72-9E7147DD3773}.Debug|Any CPU.Build.0 = Debug|Any CPU
		{4560E4F2-0FDE-4978-8B72-9E7147DD3773}.Debug|ARM.ActiveCfg = Debug|Any CPU
		{4560E4F2-0FDE-4978-8B72-9E7147DD3773}.Debug|ARM.Build.0 = Debug|Any CPU
		{4560E4F2-0FDE-4978-8B72-9E7147DD3773}.Debug|iPhone.ActiveCfg = Debug|Any CPU
		{4560E4F2-0FDE-4978-8B72-9E7147DD3773}.Debug|iPhone.Build.0 = Debug|Any CPU
		{4560E4F2-0FDE-4978-8B72-9E7147DD3773}.Debug|iPhoneSimulator.ActiveCfg = Debug|Any CPU
		{4560E4F2-0FDE-4978-8B72-9E7147DD3773}.Debug|iPhoneSimulator.Build.0 = Debug|Any CPU
		{4560E4F2-0FDE-4978-8B72-9E7147DD3773}.Debug|x64.ActiveCfg = Debug|Any CPU
		{4560E4F2-0FDE-4978-8B72-9E7147DD3773}.Debug|x64.Build.0 = Debug|Any CPU
		{4560E4F2-0FDE-4978-8B72-9E7147DD3773}.Debug|x86.ActiveCfg = Debug|Any CPU
		{4560E4F2-0FDE-4978-8B72-9E7147DD3773}.Debug|x86.Build.0 = Debug|Any CPU
		{4560E4F2-0FDE-4978-8B72-9E7147DD3773}.Release|Any CPU.ActiveCfg = Release|Any CPU
		{4560E4F2-0FDE-4978-8B72-9E7147DD3773}.Release|Any CPU.Build.0 = Release|Any CPU
		{4560E4F2-0FDE-4978-8B72-9E7147DD3773}.Release|ARM.ActiveCfg = Release|Any CPU
		{4560E4F2-0FDE-4978-8B72-9E7147DD3773}.Release|ARM.Build.0 = Release|Any CPU
		{4560E4F2-0FDE-4978-8B72-9E7147DD3773}.Release|iPhone.ActiveCfg = Release|Any CPU
		{4560E4F2-0FDE-4978-8B72-9E7147DD3773}.Release|iPhone.Build.0 = Release|Any CPU
		{4560E4F2-0FDE-4978-8B72-9E7147DD3773}.Release|iPhoneSimulator.ActiveCfg = Release|Any CPU
		{4560E4F2-0FDE-4978-8B72-9E7147DD3773}.Release|iPhoneSimulator.Build.0 = Release|Any CPU
		{4560E4F2-0FDE-4978-8B72-9E7147DD3773}.Release|x64.ActiveCfg = Release|Any CPU
		{4560E4F2-0FDE-4978-8B72-9E7147DD3773}.Release|x64.Build.0 = Release|Any CPU
		{4560E4F2-0FDE-4978-8B72-9E7147DD3773}.Release|x86.ActiveCfg = Release|Any CPU
		{4560E4F2-0FDE-4978-8B72-9E7147DD3773}.Release|x86.Build.0 = Release|Any CPU
		{D466A5CD-33FA-4F29-8AD6-08BA156E70F9}.Ad-Hoc|Any CPU.ActiveCfg = Release|Any CPU
		{D466A5CD-33FA-4F29-8AD6-08BA156E70F9}.Ad-Hoc|Any CPU.Build.0 = Release|Any CPU
		{D466A5CD-33FA-4F29-8AD6-08BA156E70F9}.Ad-Hoc|ARM.ActiveCfg = Release|ARM
		{D466A5CD-33FA-4F29-8AD6-08BA156E70F9}.Ad-Hoc|ARM.Build.0 = Release|ARM
		{D466A5CD-33FA-4F29-8AD6-08BA156E70F9}.Ad-Hoc|iPhone.ActiveCfg = Release|Any CPU
		{D466A5CD-33FA-4F29-8AD6-08BA156E70F9}.Ad-Hoc|iPhone.Build.0 = Release|Any CPU
		{D466A5CD-33FA-4F29-8AD6-08BA156E70F9}.Ad-Hoc|iPhoneSimulator.ActiveCfg = Release|Any CPU
		{D466A5CD-33FA-4F29-8AD6-08BA156E70F9}.Ad-Hoc|iPhoneSimulator.Build.0 = Release|Any CPU
		{D466A5CD-33FA-4F29-8AD6-08BA156E70F9}.Ad-Hoc|x64.ActiveCfg = Release|x64
		{D466A5CD-33FA-4F29-8AD6-08BA156E70F9}.Ad-Hoc|x64.Build.0 = Release|x64
		{D466A5CD-33FA-4F29-8AD6-08BA156E70F9}.Ad-Hoc|x86.ActiveCfg = Release|x86
		{D466A5CD-33FA-4F29-8AD6-08BA156E70F9}.Ad-Hoc|x86.Build.0 = Release|x86
		{D466A5CD-33FA-4F29-8AD6-08BA156E70F9}.AppStore|Any CPU.ActiveCfg = Release|Any CPU
		{D466A5CD-33FA-4F29-8AD6-08BA156E70F9}.AppStore|Any CPU.Build.0 = Release|Any CPU
		{D466A5CD-33FA-4F29-8AD6-08BA156E70F9}.AppStore|ARM.ActiveCfg = Release|ARM
		{D466A5CD-33FA-4F29-8AD6-08BA156E70F9}.AppStore|ARM.Build.0 = Release|ARM
		{D466A5CD-33FA-4F29-8AD6-08BA156E70F9}.AppStore|iPhone.ActiveCfg = Release|Any CPU
		{D466A5CD-33FA-4F29-8AD6-08BA156E70F9}.AppStore|iPhone.Build.0 = Release|Any CPU
		{D466A5CD-33FA-4F29-8AD6-08BA156E70F9}.AppStore|iPhoneSimulator.ActiveCfg = Release|Any CPU
		{D466A5CD-33FA-4F29-8AD6-08BA156E70F9}.AppStore|iPhoneSimulator.Build.0 = Release|Any CPU
		{D466A5CD-33FA-4F29-8AD6-08BA156E70F9}.AppStore|x64.ActiveCfg = Release|x64
		{D466A5CD-33FA-4F29-8AD6-08BA156E70F9}.AppStore|x64.Build.0 = Release|x64
		{D466A5CD-33FA-4F29-8AD6-08BA156E70F9}.AppStore|x86.ActiveCfg = Release|x86
		{D466A5CD-33FA-4F29-8AD6-08BA156E70F9}.AppStore|x86.Build.0 = Release|x86
		{D466A5CD-33FA-4F29-8AD6-08BA156E70F9}.Debug|Any CPU.ActiveCfg = Debug|Any CPU
		{D466A5CD-33FA-4F29-8AD6-08BA156E70F9}.Debug|Any CPU.Build.0 = Debug|Any CPU
		{D466A5CD-33FA-4F29-8AD6-08BA156E70F9}.Debug|ARM.ActiveCfg = Debug|ARM
		{D466A5CD-33FA-4F29-8AD6-08BA156E70F9}.Debug|ARM.Build.0 = Debug|ARM
		{D466A5CD-33FA-4F29-8AD6-08BA156E70F9}.Debug|iPhone.ActiveCfg = Debug|Any CPU
		{D466A5CD-33FA-4F29-8AD6-08BA156E70F9}.Debug|iPhone.Build.0 = Debug|Any CPU
		{D466A5CD-33FA-4F29-8AD6-08BA156E70F9}.Debug|iPhoneSimulator.ActiveCfg = Debug|Any CPU
		{D466A5CD-33FA-4F29-8AD6-08BA156E70F9}.Debug|iPhoneSimulator.Build.0 = Debug|Any CPU
		{D466A5CD-33FA-4F29-8AD6-08BA156E70F9}.Debug|x64.ActiveCfg = Debug|x64
		{D466A5CD-33FA-4F29-8AD6-08BA156E70F9}.Debug|x64.Build.0 = Debug|x64
		{D466A5CD-33FA-4F29-8AD6-08BA156E70F9}.Debug|x86.ActiveCfg = Debug|x86
		{D466A5CD-33FA-4F29-8AD6-08BA156E70F9}.Debug|x86.Build.0 = Debug|x86
		{D466A5CD-33FA-4F29-8AD6-08BA156E70F9}.Release|Any CPU.ActiveCfg = Release|Any CPU
		{D466A5CD-33FA-4F29-8AD6-08BA156E70F9}.Release|Any CPU.Build.0 = Release|Any CPU
		{D466A5CD-33FA-4F29-8AD6-08BA156E70F9}.Release|ARM.ActiveCfg = Release|ARM
		{D466A5CD-33FA-4F29-8AD6-08BA156E70F9}.Release|ARM.Build.0 = Release|ARM
		{D466A5CD-33FA-4F29-8AD6-08BA156E70F9}.Release|iPhone.ActiveCfg = Release|Any CPU
		{D466A5CD-33FA-4F29-8AD6-08BA156E70F9}.Release|iPhone.Build.0 = Release|Any CPU
		{D466A5CD-33FA-4F29-8AD6-08BA156E70F9}.Release|iPhoneSimulator.ActiveCfg = Release|Any CPU
		{D466A5CD-33FA-4F29-8AD6-08BA156E70F9}.Release|iPhoneSimulator.Build.0 = Release|Any CPU
		{D466A5CD-33FA-4F29-8AD6-08BA156E70F9}.Release|x64.ActiveCfg = Release|x64
		{D466A5CD-33FA-4F29-8AD6-08BA156E70F9}.Release|x64.Build.0 = Release|x64
		{D466A5CD-33FA-4F29-8AD6-08BA156E70F9}.Release|x86.ActiveCfg = Release|x86
		{D466A5CD-33FA-4F29-8AD6-08BA156E70F9}.Release|x86.Build.0 = Release|x86
		{50D1D0AB-83C9-4C6D-8E3F-7C8A9B8D6943}.Ad-Hoc|Any CPU.ActiveCfg = Release|x64
		{50D1D0AB-83C9-4C6D-8E3F-7C8A9B8D6943}.Ad-Hoc|Any CPU.Build.0 = Release|x64
		{50D1D0AB-83C9-4C6D-8E3F-7C8A9B8D6943}.Ad-Hoc|Any CPU.Deploy.0 = Release|x64
		{50D1D0AB-83C9-4C6D-8E3F-7C8A9B8D6943}.Ad-Hoc|ARM.ActiveCfg = Release|ARM
		{50D1D0AB-83C9-4C6D-8E3F-7C8A9B8D6943}.Ad-Hoc|ARM.Build.0 = Release|ARM
		{50D1D0AB-83C9-4C6D-8E3F-7C8A9B8D6943}.Ad-Hoc|ARM.Deploy.0 = Release|ARM
		{50D1D0AB-83C9-4C6D-8E3F-7C8A9B8D6943}.Ad-Hoc|iPhone.ActiveCfg = Release|x64
		{50D1D0AB-83C9-4C6D-8E3F-7C8A9B8D6943}.Ad-Hoc|iPhone.Build.0 = Release|x64
		{50D1D0AB-83C9-4C6D-8E3F-7C8A9B8D6943}.Ad-Hoc|iPhone.Deploy.0 = Release|x64
		{50D1D0AB-83C9-4C6D-8E3F-7C8A9B8D6943}.Ad-Hoc|iPhoneSimulator.ActiveCfg = Release|x64
		{50D1D0AB-83C9-4C6D-8E3F-7C8A9B8D6943}.Ad-Hoc|iPhoneSimulator.Build.0 = Release|x64
		{50D1D0AB-83C9-4C6D-8E3F-7C8A9B8D6943}.Ad-Hoc|iPhoneSimulator.Deploy.0 = Release|x64
		{50D1D0AB-83C9-4C6D-8E3F-7C8A9B8D6943}.Ad-Hoc|x64.ActiveCfg = Release|x64
		{50D1D0AB-83C9-4C6D-8E3F-7C8A9B8D6943}.Ad-Hoc|x64.Build.0 = Release|x64
		{50D1D0AB-83C9-4C6D-8E3F-7C8A9B8D6943}.Ad-Hoc|x64.Deploy.0 = Release|x64
		{50D1D0AB-83C9-4C6D-8E3F-7C8A9B8D6943}.Ad-Hoc|x86.ActiveCfg = Release|x86
		{50D1D0AB-83C9-4C6D-8E3F-7C8A9B8D6943}.Ad-Hoc|x86.Build.0 = Release|x86
		{50D1D0AB-83C9-4C6D-8E3F-7C8A9B8D6943}.Ad-Hoc|x86.Deploy.0 = Release|x86
		{50D1D0AB-83C9-4C6D-8E3F-7C8A9B8D6943}.AppStore|Any CPU.ActiveCfg = Release|x64
		{50D1D0AB-83C9-4C6D-8E3F-7C8A9B8D6943}.AppStore|Any CPU.Build.0 = Release|x64
		{50D1D0AB-83C9-4C6D-8E3F-7C8A9B8D6943}.AppStore|Any CPU.Deploy.0 = Release|x64
		{50D1D0AB-83C9-4C6D-8E3F-7C8A9B8D6943}.AppStore|ARM.ActiveCfg = Release|ARM
		{50D1D0AB-83C9-4C6D-8E3F-7C8A9B8D6943}.AppStore|ARM.Build.0 = Release|ARM
		{50D1D0AB-83C9-4C6D-8E3F-7C8A9B8D6943}.AppStore|ARM.Deploy.0 = Release|ARM
		{50D1D0AB-83C9-4C6D-8E3F-7C8A9B8D6943}.AppStore|iPhone.ActiveCfg = Release|x64
		{50D1D0AB-83C9-4C6D-8E3F-7C8A9B8D6943}.AppStore|iPhone.Build.0 = Release|x64
		{50D1D0AB-83C9-4C6D-8E3F-7C8A9B8D6943}.AppStore|iPhone.Deploy.0 = Release|x64
		{50D1D0AB-83C9-4C6D-8E3F-7C8A9B8D6943}.AppStore|iPhoneSimulator.ActiveCfg = Release|x64
		{50D1D0AB-83C9-4C6D-8E3F-7C8A9B8D6943}.AppStore|iPhoneSimulator.Build.0 = Release|x64
		{50D1D0AB-83C9-4C6D-8E3F-7C8A9B8D6943}.AppStore|iPhoneSimulator.Deploy.0 = Release|x64
		{50D1D0AB-83C9-4C6D-8E3F-7C8A9B8D6943}.AppStore|x64.ActiveCfg = Release|x64
		{50D1D0AB-83C9-4C6D-8E3F-7C8A9B8D6943}.AppStore|x64.Build.0 = Release|x64
		{50D1D0AB-83C9-4C6D-8E3F-7C8A9B8D6943}.AppStore|x64.Deploy.0 = Release|x64
		{50D1D0AB-83C9-4C6D-8E3F-7C8A9B8D6943}.AppStore|x86.ActiveCfg = Release|x86
		{50D1D0AB-83C9-4C6D-8E3F-7C8A9B8D6943}.AppStore|x86.Build.0 = Release|x86
		{50D1D0AB-83C9-4C6D-8E3F-7C8A9B8D6943}.AppStore|x86.Deploy.0 = Release|x86
		{50D1D0AB-83C9-4C6D-8E3F-7C8A9B8D6943}.Debug|Any CPU.ActiveCfg = Debug|x86
		{50D1D0AB-83C9-4C6D-8E3F-7C8A9B8D6943}.Debug|ARM.ActiveCfg = Debug|ARM
		{50D1D0AB-83C9-4C6D-8E3F-7C8A9B8D6943}.Debug|ARM.Build.0 = Debug|ARM
		{50D1D0AB-83C9-4C6D-8E3F-7C8A9B8D6943}.Debug|ARM.Deploy.0 = Debug|ARM
		{50D1D0AB-83C9-4C6D-8E3F-7C8A9B8D6943}.Debug|iPhone.ActiveCfg = Debug|x86
		{50D1D0AB-83C9-4C6D-8E3F-7C8A9B8D6943}.Debug|iPhoneSimulator.ActiveCfg = Debug|x86
		{50D1D0AB-83C9-4C6D-8E3F-7C8A9B8D6943}.Debug|x64.ActiveCfg = Debug|x64
		{50D1D0AB-83C9-4C6D-8E3F-7C8A9B8D6943}.Debug|x64.Build.0 = Debug|x64
		{50D1D0AB-83C9-4C6D-8E3F-7C8A9B8D6943}.Debug|x64.Deploy.0 = Debug|x64
		{50D1D0AB-83C9-4C6D-8E3F-7C8A9B8D6943}.Debug|x86.ActiveCfg = Debug|x86
		{50D1D0AB-83C9-4C6D-8E3F-7C8A9B8D6943}.Debug|x86.Build.0 = Debug|x86
		{50D1D0AB-83C9-4C6D-8E3F-7C8A9B8D6943}.Debug|x86.Deploy.0 = Debug|x86
		{50D1D0AB-83C9-4C6D-8E3F-7C8A9B8D6943}.Release|Any CPU.ActiveCfg = Release|x86
		{50D1D0AB-83C9-4C6D-8E3F-7C8A9B8D6943}.Release|ARM.ActiveCfg = Release|ARM
		{50D1D0AB-83C9-4C6D-8E3F-7C8A9B8D6943}.Release|ARM.Build.0 = Release|ARM
		{50D1D0AB-83C9-4C6D-8E3F-7C8A9B8D6943}.Release|ARM.Deploy.0 = Release|ARM
		{50D1D0AB-83C9-4C6D-8E3F-7C8A9B8D6943}.Release|iPhone.ActiveCfg = Release|x86
		{50D1D0AB-83C9-4C6D-8E3F-7C8A9B8D6943}.Release|iPhoneSimulator.ActiveCfg = Release|x86
		{50D1D0AB-83C9-4C6D-8E3F-7C8A9B8D6943}.Release|x64.ActiveCfg = Release|x64
		{50D1D0AB-83C9-4C6D-8E3F-7C8A9B8D6943}.Release|x64.Build.0 = Release|x64
		{50D1D0AB-83C9-4C6D-8E3F-7C8A9B8D6943}.Release|x64.Deploy.0 = Release|x64
		{50D1D0AB-83C9-4C6D-8E3F-7C8A9B8D6943}.Release|x86.ActiveCfg = Release|x86
		{50D1D0AB-83C9-4C6D-8E3F-7C8A9B8D6943}.Release|x86.Build.0 = Release|x86
		{50D1D0AB-83C9-4C6D-8E3F-7C8A9B8D6943}.Release|x86.Deploy.0 = Release|x86
		{8E88D621-2B7F-4F56-AEE5-B1994BC85C1E}.Ad-Hoc|Any CPU.ActiveCfg = Release|x64
		{8E88D621-2B7F-4F56-AEE5-B1994BC85C1E}.Ad-Hoc|Any CPU.Build.0 = Release|x64
		{8E88D621-2B7F-4F56-AEE5-B1994BC85C1E}.Ad-Hoc|Any CPU.Deploy.0 = Release|x64
		{8E88D621-2B7F-4F56-AEE5-B1994BC85C1E}.Ad-Hoc|ARM.ActiveCfg = Release|ARM
		{8E88D621-2B7F-4F56-AEE5-B1994BC85C1E}.Ad-Hoc|ARM.Build.0 = Release|ARM
		{8E88D621-2B7F-4F56-AEE5-B1994BC85C1E}.Ad-Hoc|ARM.Deploy.0 = Release|ARM
		{8E88D621-2B7F-4F56-AEE5-B1994BC85C1E}.Ad-Hoc|iPhone.ActiveCfg = Release|x64
		{8E88D621-2B7F-4F56-AEE5-B1994BC85C1E}.Ad-Hoc|iPhone.Build.0 = Release|x64
		{8E88D621-2B7F-4F56-AEE5-B1994BC85C1E}.Ad-Hoc|iPhone.Deploy.0 = Release|x64
		{8E88D621-2B7F-4F56-AEE5-B1994BC85C1E}.Ad-Hoc|iPhoneSimulator.ActiveCfg = Release|x64
		{8E88D621-2B7F-4F56-AEE5-B1994BC85C1E}.Ad-Hoc|iPhoneSimulator.Build.0 = Release|x64
		{8E88D621-2B7F-4F56-AEE5-B1994BC85C1E}.Ad-Hoc|iPhoneSimulator.Deploy.0 = Release|x64
		{8E88D621-2B7F-4F56-AEE5-B1994BC85C1E}.Ad-Hoc|x64.ActiveCfg = Release|x64
		{8E88D621-2B7F-4F56-AEE5-B1994BC85C1E}.Ad-Hoc|x64.Build.0 = Release|x64
		{8E88D621-2B7F-4F56-AEE5-B1994BC85C1E}.Ad-Hoc|x64.Deploy.0 = Release|x64
		{8E88D621-2B7F-4F56-AEE5-B1994BC85C1E}.Ad-Hoc|x86.ActiveCfg = Release|x86
		{8E88D621-2B7F-4F56-AEE5-B1994BC85C1E}.Ad-Hoc|x86.Build.0 = Release|x86
		{8E88D621-2B7F-4F56-AEE5-B1994BC85C1E}.Ad-Hoc|x86.Deploy.0 = Release|x86
		{8E88D621-2B7F-4F56-AEE5-B1994BC85C1E}.AppStore|Any CPU.ActiveCfg = Release|x64
		{8E88D621-2B7F-4F56-AEE5-B1994BC85C1E}.AppStore|Any CPU.Build.0 = Release|x64
		{8E88D621-2B7F-4F56-AEE5-B1994BC85C1E}.AppStore|Any CPU.Deploy.0 = Release|x64
		{8E88D621-2B7F-4F56-AEE5-B1994BC85C1E}.AppStore|ARM.ActiveCfg = Release|ARM
		{8E88D621-2B7F-4F56-AEE5-B1994BC85C1E}.AppStore|ARM.Build.0 = Release|ARM
		{8E88D621-2B7F-4F56-AEE5-B1994BC85C1E}.AppStore|ARM.Deploy.0 = Release|ARM
		{8E88D621-2B7F-4F56-AEE5-B1994BC85C1E}.AppStore|iPhone.ActiveCfg = Release|x64
		{8E88D621-2B7F-4F56-AEE5-B1994BC85C1E}.AppStore|iPhone.Build.0 = Release|x64
		{8E88D621-2B7F-4F56-AEE5-B1994BC85C1E}.AppStore|iPhone.Deploy.0 = Release|x64
		{8E88D621-2B7F-4F56-AEE5-B1994BC85C1E}.AppStore|iPhoneSimulator.ActiveCfg = Release|x64
		{8E88D621-2B7F-4F56-AEE5-B1994BC85C1E}.AppStore|iPhoneSimulator.Build.0 = Release|x64
		{8E88D621-2B7F-4F56-AEE5-B1994BC85C1E}.AppStore|iPhoneSimulator.Deploy.0 = Release|x64
		{8E88D621-2B7F-4F56-AEE5-B1994BC85C1E}.AppStore|x64.ActiveCfg = Release|x64
		{8E88D621-2B7F-4F56-AEE5-B1994BC85C1E}.AppStore|x64.Build.0 = Release|x64
		{8E88D621-2B7F-4F56-AEE5-B1994BC85C1E}.AppStore|x64.Deploy.0 = Release|x64
		{8E88D621-2B7F-4F56-AEE5-B1994BC85C1E}.AppStore|x86.ActiveCfg = Release|x86
		{8E88D621-2B7F-4F56-AEE5-B1994BC85C1E}.AppStore|x86.Build.0 = Release|x86
		{8E88D621-2B7F-4F56-AEE5-B1994BC85C1E}.AppStore|x86.Deploy.0 = Release|x86
		{8E88D621-2B7F-4F56-AEE5-B1994BC85C1E}.Debug|Any CPU.ActiveCfg = Debug|x86
		{8E88D621-2B7F-4F56-AEE5-B1994BC85C1E}.Debug|ARM.ActiveCfg = Debug|ARM
		{8E88D621-2B7F-4F56-AEE5-B1994BC85C1E}.Debug|ARM.Build.0 = Debug|ARM
		{8E88D621-2B7F-4F56-AEE5-B1994BC85C1E}.Debug|ARM.Deploy.0 = Debug|ARM
		{8E88D621-2B7F-4F56-AEE5-B1994BC85C1E}.Debug|iPhone.ActiveCfg = Debug|x86
		{8E88D621-2B7F-4F56-AEE5-B1994BC85C1E}.Debug|iPhoneSimulator.ActiveCfg = Debug|x86
		{8E88D621-2B7F-4F56-AEE5-B1994BC85C1E}.Debug|x64.ActiveCfg = Debug|x64
		{8E88D621-2B7F-4F56-AEE5-B1994BC85C1E}.Debug|x64.Build.0 = Debug|x64
		{8E88D621-2B7F-4F56-AEE5-B1994BC85C1E}.Debug|x64.Deploy.0 = Debug|x64
		{8E88D621-2B7F-4F56-AEE5-B1994BC85C1E}.Debug|x86.ActiveCfg = Debug|x86
		{8E88D621-2B7F-4F56-AEE5-B1994BC85C1E}.Debug|x86.Build.0 = Debug|x86
		{8E88D621-2B7F-4F56-AEE5-B1994BC85C1E}.Debug|x86.Deploy.0 = Debug|x86
		{8E88D621-2B7F-4F56-AEE5-B1994BC85C1E}.Release|Any CPU.ActiveCfg = Release|x86
		{8E88D621-2B7F-4F56-AEE5-B1994BC85C1E}.Release|ARM.ActiveCfg = Release|ARM
		{8E88D621-2B7F-4F56-AEE5-B1994BC85C1E}.Release|ARM.Build.0 = Release|ARM
		{8E88D621-2B7F-4F56-AEE5-B1994BC85C1E}.Release|ARM.Deploy.0 = Release|ARM
		{8E88D621-2B7F-4F56-AEE5-B1994BC85C1E}.Release|iPhone.ActiveCfg = Release|x86
		{8E88D621-2B7F-4F56-AEE5-B1994BC85C1E}.Release|iPhoneSimulator.ActiveCfg = Release|x86
		{8E88D621-2B7F-4F56-AEE5-B1994BC85C1E}.Release|x64.ActiveCfg = Release|x64
		{8E88D621-2B7F-4F56-AEE5-B1994BC85C1E}.Release|x64.Build.0 = Release|x64
		{8E88D621-2B7F-4F56-AEE5-B1994BC85C1E}.Release|x64.Deploy.0 = Release|x64
		{8E88D621-2B7F-4F56-AEE5-B1994BC85C1E}.Release|x86.ActiveCfg = Release|x86
		{8E88D621-2B7F-4F56-AEE5-B1994BC85C1E}.Release|x86.Build.0 = Release|x86
		{8E88D621-2B7F-4F56-AEE5-B1994BC85C1E}.Release|x86.Deploy.0 = Release|x86
		{654442E2-F179-4151-B8AF-0F1A1DBB86DB}.Ad-Hoc|Any CPU.ActiveCfg = Release|Any CPU
		{654442E2-F179-4151-B8AF-0F1A1DBB86DB}.Ad-Hoc|Any CPU.Build.0 = Release|Any CPU
		{654442E2-F179-4151-B8AF-0F1A1DBB86DB}.Ad-Hoc|ARM.ActiveCfg = Release|Any CPU
		{654442E2-F179-4151-B8AF-0F1A1DBB86DB}.Ad-Hoc|ARM.Build.0 = Release|Any CPU
		{654442E2-F179-4151-B8AF-0F1A1DBB86DB}.Ad-Hoc|iPhone.ActiveCfg = Release|Any CPU
		{654442E2-F179-4151-B8AF-0F1A1DBB86DB}.Ad-Hoc|iPhone.Build.0 = Release|Any CPU
		{654442E2-F179-4151-B8AF-0F1A1DBB86DB}.Ad-Hoc|iPhoneSimulator.ActiveCfg = Release|Any CPU
		{654442E2-F179-4151-B8AF-0F1A1DBB86DB}.Ad-Hoc|iPhoneSimulator.Build.0 = Release|Any CPU
		{654442E2-F179-4151-B8AF-0F1A1DBB86DB}.Ad-Hoc|x64.ActiveCfg = Release|Any CPU
		{654442E2-F179-4151-B8AF-0F1A1DBB86DB}.Ad-Hoc|x64.Build.0 = Release|Any CPU
		{654442E2-F179-4151-B8AF-0F1A1DBB86DB}.Ad-Hoc|x86.ActiveCfg = Release|Any CPU
		{654442E2-F179-4151-B8AF-0F1A1DBB86DB}.Ad-Hoc|x86.Build.0 = Release|Any CPU
		{654442E2-F179-4151-B8AF-0F1A1DBB86DB}.AppStore|Any CPU.ActiveCfg = Release|Any CPU
		{654442E2-F179-4151-B8AF-0F1A1DBB86DB}.AppStore|Any CPU.Build.0 = Release|Any CPU
		{654442E2-F179-4151-B8AF-0F1A1DBB86DB}.AppStore|ARM.ActiveCfg = Release|Any CPU
		{654442E2-F179-4151-B8AF-0F1A1DBB86DB}.AppStore|ARM.Build.0 = Release|Any CPU
		{654442E2-F179-4151-B8AF-0F1A1DBB86DB}.AppStore|iPhone.ActiveCfg = Release|Any CPU
		{654442E2-F179-4151-B8AF-0F1A1DBB86DB}.AppStore|iPhone.Build.0 = Release|Any CPU
		{654442E2-F179-4151-B8AF-0F1A1DBB86DB}.AppStore|iPhoneSimulator.ActiveCfg = Release|Any CPU
		{654442E2-F179-4151-B8AF-0F1A1DBB86DB}.AppStore|iPhoneSimulator.Build.0 = Release|Any CPU
		{654442E2-F179-4151-B8AF-0F1A1DBB86DB}.AppStore|x64.ActiveCfg = Release|Any CPU
		{654442E2-F179-4151-B8AF-0F1A1DBB86DB}.AppStore|x64.Build.0 = Release|Any CPU
		{654442E2-F179-4151-B8AF-0F1A1DBB86DB}.AppStore|x86.ActiveCfg = Release|Any CPU
		{654442E2-F179-4151-B8AF-0F1A1DBB86DB}.AppStore|x86.Build.0 = Release|Any CPU
		{654442E2-F179-4151-B8AF-0F1A1DBB86DB}.Debug|Any CPU.ActiveCfg = Debug|Any CPU
		{654442E2-F179-4151-B8AF-0F1A1DBB86DB}.Debug|ARM.ActiveCfg = Debug|Any CPU
		{654442E2-F179-4151-B8AF-0F1A1DBB86DB}.Debug|ARM.Build.0 = Debug|Any CPU
		{654442E2-F179-4151-B8AF-0F1A1DBB86DB}.Debug|iPhone.ActiveCfg = Debug|Any CPU
		{654442E2-F179-4151-B8AF-0F1A1DBB86DB}.Debug|iPhone.Build.0 = Debug|Any CPU
		{654442E2-F179-4151-B8AF-0F1A1DBB86DB}.Debug|iPhoneSimulator.ActiveCfg = Debug|Any CPU
		{654442E2-F179-4151-B8AF-0F1A1DBB86DB}.Debug|iPhoneSimulator.Build.0 = Debug|Any CPU
		{654442E2-F179-4151-B8AF-0F1A1DBB86DB}.Debug|x64.ActiveCfg = Debug|Any CPU
		{654442E2-F179-4151-B8AF-0F1A1DBB86DB}.Debug|x64.Build.0 = Debug|Any CPU
		{654442E2-F179-4151-B8AF-0F1A1DBB86DB}.Debug|x86.ActiveCfg = Debug|Any CPU
		{654442E2-F179-4151-B8AF-0F1A1DBB86DB}.Debug|x86.Build.0 = Debug|Any CPU
		{654442E2-F179-4151-B8AF-0F1A1DBB86DB}.Release|Any CPU.ActiveCfg = Release|Any CPU
		{654442E2-F179-4151-B8AF-0F1A1DBB86DB}.Release|Any CPU.Build.0 = Release|Any CPU
		{654442E2-F179-4151-B8AF-0F1A1DBB86DB}.Release|ARM.ActiveCfg = Release|Any CPU
		{654442E2-F179-4151-B8AF-0F1A1DBB86DB}.Release|ARM.Build.0 = Release|Any CPU
		{654442E2-F179-4151-B8AF-0F1A1DBB86DB}.Release|iPhone.ActiveCfg = Release|Any CPU
		{654442E2-F179-4151-B8AF-0F1A1DBB86DB}.Release|iPhone.Build.0 = Release|Any CPU
		{654442E2-F179-4151-B8AF-0F1A1DBB86DB}.Release|iPhoneSimulator.ActiveCfg = Release|Any CPU
		{654442E2-F179-4151-B8AF-0F1A1DBB86DB}.Release|iPhoneSimulator.Build.0 = Release|Any CPU
		{654442E2-F179-4151-B8AF-0F1A1DBB86DB}.Release|x64.ActiveCfg = Release|Any CPU
		{654442E2-F179-4151-B8AF-0F1A1DBB86DB}.Release|x64.Build.0 = Release|Any CPU
		{654442E2-F179-4151-B8AF-0F1A1DBB86DB}.Release|x86.ActiveCfg = Release|Any CPU
		{654442E2-F179-4151-B8AF-0F1A1DBB86DB}.Release|x86.Build.0 = Release|Any CPU
		{7FC414E6-7ADA-4369-8124-0BB50EF8F8F2}.Ad-Hoc|Any CPU.ActiveCfg = Release|x64
		{7FC414E6-7ADA-4369-8124-0BB50EF8F8F2}.Ad-Hoc|Any CPU.Build.0 = Release|x64
		{7FC414E6-7ADA-4369-8124-0BB50EF8F8F2}.Ad-Hoc|Any CPU.Deploy.0 = Release|x64
		{7FC414E6-7ADA-4369-8124-0BB50EF8F8F2}.Ad-Hoc|ARM.ActiveCfg = Release|ARM
		{7FC414E6-7ADA-4369-8124-0BB50EF8F8F2}.Ad-Hoc|ARM.Build.0 = Release|ARM
		{7FC414E6-7ADA-4369-8124-0BB50EF8F8F2}.Ad-Hoc|ARM.Deploy.0 = Release|ARM
		{7FC414E6-7ADA-4369-8124-0BB50EF8F8F2}.Ad-Hoc|iPhone.ActiveCfg = Release|x64
		{7FC414E6-7ADA-4369-8124-0BB50EF8F8F2}.Ad-Hoc|iPhone.Build.0 = Release|x64
		{7FC414E6-7ADA-4369-8124-0BB50EF8F8F2}.Ad-Hoc|iPhone.Deploy.0 = Release|x64
		{7FC414E6-7ADA-4369-8124-0BB50EF8F8F2}.Ad-Hoc|iPhoneSimulator.ActiveCfg = Release|x64
		{7FC414E6-7ADA-4369-8124-0BB50EF8F8F2}.Ad-Hoc|iPhoneSimulator.Build.0 = Release|x64
		{7FC414E6-7ADA-4369-8124-0BB50EF8F8F2}.Ad-Hoc|iPhoneSimulator.Deploy.0 = Release|x64
		{7FC414E6-7ADA-4369-8124-0BB50EF8F8F2}.Ad-Hoc|x64.ActiveCfg = Release|x64
		{7FC414E6-7ADA-4369-8124-0BB50EF8F8F2}.Ad-Hoc|x64.Build.0 = Release|x64
		{7FC414E6-7ADA-4369-8124-0BB50EF8F8F2}.Ad-Hoc|x64.Deploy.0 = Release|x64
		{7FC414E6-7ADA-4369-8124-0BB50EF8F8F2}.Ad-Hoc|x86.ActiveCfg = Release|x86
		{7FC414E6-7ADA-4369-8124-0BB50EF8F8F2}.Ad-Hoc|x86.Build.0 = Release|x86
		{7FC414E6-7ADA-4369-8124-0BB50EF8F8F2}.Ad-Hoc|x86.Deploy.0 = Release|x86
		{7FC414E6-7ADA-4369-8124-0BB50EF8F8F2}.AppStore|Any CPU.ActiveCfg = Release|x64
		{7FC414E6-7ADA-4369-8124-0BB50EF8F8F2}.AppStore|Any CPU.Build.0 = Release|x64
		{7FC414E6-7ADA-4369-8124-0BB50EF8F8F2}.AppStore|Any CPU.Deploy.0 = Release|x64
		{7FC414E6-7ADA-4369-8124-0BB50EF8F8F2}.AppStore|ARM.ActiveCfg = Release|ARM
		{7FC414E6-7ADA-4369-8124-0BB50EF8F8F2}.AppStore|ARM.Build.0 = Release|ARM
		{7FC414E6-7ADA-4369-8124-0BB50EF8F8F2}.AppStore|ARM.Deploy.0 = Release|ARM
		{7FC414E6-7ADA-4369-8124-0BB50EF8F8F2}.AppStore|iPhone.ActiveCfg = Release|x64
		{7FC414E6-7ADA-4369-8124-0BB50EF8F8F2}.AppStore|iPhone.Build.0 = Release|x64
		{7FC414E6-7ADA-4369-8124-0BB50EF8F8F2}.AppStore|iPhone.Deploy.0 = Release|x64
		{7FC414E6-7ADA-4369-8124-0BB50EF8F8F2}.AppStore|iPhoneSimulator.ActiveCfg = Release|x64
		{7FC414E6-7ADA-4369-8124-0BB50EF8F8F2}.AppStore|iPhoneSimulator.Build.0 = Release|x64
		{7FC414E6-7ADA-4369-8124-0BB50EF8F8F2}.AppStore|iPhoneSimulator.Deploy.0 = Release|x64
		{7FC414E6-7ADA-4369-8124-0BB50EF8F8F2}.AppStore|x64.ActiveCfg = Release|x64
		{7FC414E6-7ADA-4369-8124-0BB50EF8F8F2}.AppStore|x64.Build.0 = Release|x64
		{7FC414E6-7ADA-4369-8124-0BB50EF8F8F2}.AppStore|x64.Deploy.0 = Release|x64
		{7FC414E6-7ADA-4369-8124-0BB50EF8F8F2}.AppStore|x86.ActiveCfg = Release|x86
		{7FC414E6-7ADA-4369-8124-0BB50EF8F8F2}.AppStore|x86.Build.0 = Release|x86
		{7FC414E6-7ADA-4369-8124-0BB50EF8F8F2}.AppStore|x86.Deploy.0 = Release|x86
		{7FC414E6-7ADA-4369-8124-0BB50EF8F8F2}.Debug|Any CPU.ActiveCfg = Debug|x86
		{7FC414E6-7ADA-4369-8124-0BB50EF8F8F2}.Debug|Any CPU.Build.0 = Debug|x86
		{7FC414E6-7ADA-4369-8124-0BB50EF8F8F2}.Debug|Any CPU.Deploy.0 = Debug|x86
		{7FC414E6-7ADA-4369-8124-0BB50EF8F8F2}.Debug|ARM.ActiveCfg = Debug|ARM
		{7FC414E6-7ADA-4369-8124-0BB50EF8F8F2}.Debug|ARM.Build.0 = Debug|ARM
		{7FC414E6-7ADA-4369-8124-0BB50EF8F8F2}.Debug|ARM.Deploy.0 = Debug|ARM
		{7FC414E6-7ADA-4369-8124-0BB50EF8F8F2}.Debug|iPhone.ActiveCfg = Debug|x86
		{7FC414E6-7ADA-4369-8124-0BB50EF8F8F2}.Debug|iPhoneSimulator.ActiveCfg = Debug|x86
		{7FC414E6-7ADA-4369-8124-0BB50EF8F8F2}.Debug|x64.ActiveCfg = Debug|x64
		{7FC414E6-7ADA-4369-8124-0BB50EF8F8F2}.Debug|x64.Build.0 = Debug|x64
		{7FC414E6-7ADA-4369-8124-0BB50EF8F8F2}.Debug|x64.Deploy.0 = Debug|x64
		{7FC414E6-7ADA-4369-8124-0BB50EF8F8F2}.Debug|x86.ActiveCfg = Debug|x86
		{7FC414E6-7ADA-4369-8124-0BB50EF8F8F2}.Debug|x86.Build.0 = Debug|x86
		{7FC414E6-7ADA-4369-8124-0BB50EF8F8F2}.Debug|x86.Deploy.0 = Debug|x86
		{7FC414E6-7ADA-4369-8124-0BB50EF8F8F2}.Release|Any CPU.ActiveCfg = Release|x86
		{7FC414E6-7ADA-4369-8124-0BB50EF8F8F2}.Release|ARM.ActiveCfg = Release|ARM
		{7FC414E6-7ADA-4369-8124-0BB50EF8F8F2}.Release|ARM.Build.0 = Release|ARM
		{7FC414E6-7ADA-4369-8124-0BB50EF8F8F2}.Release|ARM.Deploy.0 = Release|ARM
		{7FC414E6-7ADA-4369-8124-0BB50EF8F8F2}.Release|iPhone.ActiveCfg = Release|x86
		{7FC414E6-7ADA-4369-8124-0BB50EF8F8F2}.Release|iPhoneSimulator.ActiveCfg = Release|x86
		{7FC414E6-7ADA-4369-8124-0BB50EF8F8F2}.Release|x64.ActiveCfg = Release|x64
		{7FC414E6-7ADA-4369-8124-0BB50EF8F8F2}.Release|x64.Build.0 = Release|x64
		{7FC414E6-7ADA-4369-8124-0BB50EF8F8F2}.Release|x64.Deploy.0 = Release|x64
		{7FC414E6-7ADA-4369-8124-0BB50EF8F8F2}.Release|x86.ActiveCfg = Release|x86
		{7FC414E6-7ADA-4369-8124-0BB50EF8F8F2}.Release|x86.Build.0 = Release|x86
		{7FC414E6-7ADA-4369-8124-0BB50EF8F8F2}.Release|x86.Deploy.0 = Release|x86
		{17F97CB1-0965-4A04-82AC-6CA0162C6809}.Ad-Hoc|Any CPU.ActiveCfg = Release|Any CPU
		{17F97CB1-0965-4A04-82AC-6CA0162C6809}.Ad-Hoc|Any CPU.Build.0 = Release|Any CPU
		{17F97CB1-0965-4A04-82AC-6CA0162C6809}.Ad-Hoc|ARM.ActiveCfg = Release|Any CPU
		{17F97CB1-0965-4A04-82AC-6CA0162C6809}.Ad-Hoc|ARM.Build.0 = Release|Any CPU
		{17F97CB1-0965-4A04-82AC-6CA0162C6809}.Ad-Hoc|iPhone.ActiveCfg = Release|Any CPU
		{17F97CB1-0965-4A04-82AC-6CA0162C6809}.Ad-Hoc|iPhone.Build.0 = Release|Any CPU
		{17F97CB1-0965-4A04-82AC-6CA0162C6809}.Ad-Hoc|iPhoneSimulator.ActiveCfg = Release|Any CPU
		{17F97CB1-0965-4A04-82AC-6CA0162C6809}.Ad-Hoc|iPhoneSimulator.Build.0 = Release|Any CPU
		{17F97CB1-0965-4A04-82AC-6CA0162C6809}.Ad-Hoc|x64.ActiveCfg = Release|Any CPU
		{17F97CB1-0965-4A04-82AC-6CA0162C6809}.Ad-Hoc|x64.Build.0 = Release|Any CPU
		{17F97CB1-0965-4A04-82AC-6CA0162C6809}.Ad-Hoc|x86.ActiveCfg = Release|Any CPU
		{17F97CB1-0965-4A04-82AC-6CA0162C6809}.Ad-Hoc|x86.Build.0 = Release|Any CPU
		{17F97CB1-0965-4A04-82AC-6CA0162C6809}.AppStore|Any CPU.ActiveCfg = Release|Any CPU
		{17F97CB1-0965-4A04-82AC-6CA0162C6809}.AppStore|Any CPU.Build.0 = Release|Any CPU
		{17F97CB1-0965-4A04-82AC-6CA0162C6809}.AppStore|ARM.ActiveCfg = Release|Any CPU
		{17F97CB1-0965-4A04-82AC-6CA0162C6809}.AppStore|ARM.Build.0 = Release|Any CPU
		{17F97CB1-0965-4A04-82AC-6CA0162C6809}.AppStore|iPhone.ActiveCfg = Release|Any CPU
		{17F97CB1-0965-4A04-82AC-6CA0162C6809}.AppStore|iPhone.Build.0 = Release|Any CPU
		{17F97CB1-0965-4A04-82AC-6CA0162C6809}.AppStore|iPhoneSimulator.ActiveCfg = Release|Any CPU
		{17F97CB1-0965-4A04-82AC-6CA0162C6809}.AppStore|iPhoneSimulator.Build.0 = Release|Any CPU
		{17F97CB1-0965-4A04-82AC-6CA0162C6809}.AppStore|x64.ActiveCfg = Release|Any CPU
		{17F97CB1-0965-4A04-82AC-6CA0162C6809}.AppStore|x64.Build.0 = Release|Any CPU
		{17F97CB1-0965-4A04-82AC-6CA0162C6809}.AppStore|x86.ActiveCfg = Release|Any CPU
		{17F97CB1-0965-4A04-82AC-6CA0162C6809}.AppStore|x86.Build.0 = Release|Any CPU
		{17F97CB1-0965-4A04-82AC-6CA0162C6809}.Debug|Any CPU.ActiveCfg = Debug|Any CPU
		{17F97CB1-0965-4A04-82AC-6CA0162C6809}.Debug|Any CPU.Build.0 = Debug|Any CPU
		{17F97CB1-0965-4A04-82AC-6CA0162C6809}.Debug|ARM.ActiveCfg = Debug|Any CPU
		{17F97CB1-0965-4A04-82AC-6CA0162C6809}.Debug|ARM.Build.0 = Debug|Any CPU
		{17F97CB1-0965-4A04-82AC-6CA0162C6809}.Debug|iPhone.ActiveCfg = Debug|Any CPU
		{17F97CB1-0965-4A04-82AC-6CA0162C6809}.Debug|iPhone.Build.0 = Debug|Any CPU
		{17F97CB1-0965-4A04-82AC-6CA0162C6809}.Debug|iPhoneSimulator.ActiveCfg = Debug|Any CPU
		{17F97CB1-0965-4A04-82AC-6CA0162C6809}.Debug|iPhoneSimulator.Build.0 = Debug|Any CPU
		{17F97CB1-0965-4A04-82AC-6CA0162C6809}.Debug|x64.ActiveCfg = Debug|Any CPU
		{17F97CB1-0965-4A04-82AC-6CA0162C6809}.Debug|x64.Build.0 = Debug|Any CPU
		{17F97CB1-0965-4A04-82AC-6CA0162C6809}.Debug|x86.ActiveCfg = Debug|Any CPU
		{17F97CB1-0965-4A04-82AC-6CA0162C6809}.Debug|x86.Build.0 = Debug|Any CPU
		{17F97CB1-0965-4A04-82AC-6CA0162C6809}.Release|Any CPU.ActiveCfg = Release|Any CPU
		{17F97CB1-0965-4A04-82AC-6CA0162C6809}.Release|Any CPU.Build.0 = Release|Any CPU
		{17F97CB1-0965-4A04-82AC-6CA0162C6809}.Release|ARM.ActiveCfg = Release|Any CPU
		{17F97CB1-0965-4A04-82AC-6CA0162C6809}.Release|ARM.Build.0 = Release|Any CPU
		{17F97CB1-0965-4A04-82AC-6CA0162C6809}.Release|iPhone.ActiveCfg = Release|Any CPU
		{17F97CB1-0965-4A04-82AC-6CA0162C6809}.Release|iPhone.Build.0 = Release|Any CPU
		{17F97CB1-0965-4A04-82AC-6CA0162C6809}.Release|iPhoneSimulator.ActiveCfg = Release|Any CPU
		{17F97CB1-0965-4A04-82AC-6CA0162C6809}.Release|iPhoneSimulator.Build.0 = Release|Any CPU
		{17F97CB1-0965-4A04-82AC-6CA0162C6809}.Release|x64.ActiveCfg = Release|Any CPU
		{17F97CB1-0965-4A04-82AC-6CA0162C6809}.Release|x64.Build.0 = Release|Any CPU
		{17F97CB1-0965-4A04-82AC-6CA0162C6809}.Release|x86.ActiveCfg = Release|Any CPU
		{17F97CB1-0965-4A04-82AC-6CA0162C6809}.Release|x86.Build.0 = Release|Any CPU
		{C9E98F89-43DB-473F-9B84-ABDD8F92F7B6}.Ad-Hoc|Any CPU.ActiveCfg = Release|Any CPU
		{C9E98F89-43DB-473F-9B84-ABDD8F92F7B6}.Ad-Hoc|Any CPU.Build.0 = Release|Any CPU
		{C9E98F89-43DB-473F-9B84-ABDD8F92F7B6}.Ad-Hoc|ARM.ActiveCfg = Release|Any CPU
		{C9E98F89-43DB-473F-9B84-ABDD8F92F7B6}.Ad-Hoc|ARM.Build.0 = Release|Any CPU
		{C9E98F89-43DB-473F-9B84-ABDD8F92F7B6}.Ad-Hoc|iPhone.ActiveCfg = Release|Any CPU
		{C9E98F89-43DB-473F-9B84-ABDD8F92F7B6}.Ad-Hoc|iPhone.Build.0 = Release|Any CPU
		{C9E98F89-43DB-473F-9B84-ABDD8F92F7B6}.Ad-Hoc|iPhoneSimulator.ActiveCfg = Release|Any CPU
		{C9E98F89-43DB-473F-9B84-ABDD8F92F7B6}.Ad-Hoc|iPhoneSimulator.Build.0 = Release|Any CPU
		{C9E98F89-43DB-473F-9B84-ABDD8F92F7B6}.Ad-Hoc|x64.ActiveCfg = Release|Any CPU
		{C9E98F89-43DB-473F-9B84-ABDD8F92F7B6}.Ad-Hoc|x64.Build.0 = Release|Any CPU
		{C9E98F89-43DB-473F-9B84-ABDD8F92F7B6}.Ad-Hoc|x86.ActiveCfg = Release|Any CPU
		{C9E98F89-43DB-473F-9B84-ABDD8F92F7B6}.Ad-Hoc|x86.Build.0 = Release|Any CPU
		{C9E98F89-43DB-473F-9B84-ABDD8F92F7B6}.AppStore|Any CPU.ActiveCfg = Release|Any CPU
		{C9E98F89-43DB-473F-9B84-ABDD8F92F7B6}.AppStore|Any CPU.Build.0 = Release|Any CPU
		{C9E98F89-43DB-473F-9B84-ABDD8F92F7B6}.AppStore|ARM.ActiveCfg = Release|Any CPU
		{C9E98F89-43DB-473F-9B84-ABDD8F92F7B6}.AppStore|ARM.Build.0 = Release|Any CPU
		{C9E98F89-43DB-473F-9B84-ABDD8F92F7B6}.AppStore|iPhone.ActiveCfg = Release|Any CPU
		{C9E98F89-43DB-473F-9B84-ABDD8F92F7B6}.AppStore|iPhone.Build.0 = Release|Any CPU
		{C9E98F89-43DB-473F-9B84-ABDD8F92F7B6}.AppStore|iPhoneSimulator.ActiveCfg = Release|Any CPU
		{C9E98F89-43DB-473F-9B84-ABDD8F92F7B6}.AppStore|iPhoneSimulator.Build.0 = Release|Any CPU
		{C9E98F89-43DB-473F-9B84-ABDD8F92F7B6}.AppStore|x64.ActiveCfg = Release|Any CPU
		{C9E98F89-43DB-473F-9B84-ABDD8F92F7B6}.AppStore|x64.Build.0 = Release|Any CPU
		{C9E98F89-43DB-473F-9B84-ABDD8F92F7B6}.AppStore|x86.ActiveCfg = Release|Any CPU
		{C9E98F89-43DB-473F-9B84-ABDD8F92F7B6}.AppStore|x86.Build.0 = Release|Any CPU
		{C9E98F89-43DB-473F-9B84-ABDD8F92F7B6}.Debug|Any CPU.ActiveCfg = Debug|Any CPU
		{C9E98F89-43DB-473F-9B84-ABDD8F92F7B6}.Debug|Any CPU.Build.0 = Debug|Any CPU
		{C9E98F89-43DB-473F-9B84-ABDD8F92F7B6}.Debug|ARM.ActiveCfg = Debug|Any CPU
		{C9E98F89-43DB-473F-9B84-ABDD8F92F7B6}.Debug|ARM.Build.0 = Debug|Any CPU
		{C9E98F89-43DB-473F-9B84-ABDD8F92F7B6}.Debug|iPhone.ActiveCfg = Debug|Any CPU
		{C9E98F89-43DB-473F-9B84-ABDD8F92F7B6}.Debug|iPhone.Build.0 = Debug|Any CPU
		{C9E98F89-43DB-473F-9B84-ABDD8F92F7B6}.Debug|iPhoneSimulator.ActiveCfg = Debug|Any CPU
		{C9E98F89-43DB-473F-9B84-ABDD8F92F7B6}.Debug|iPhoneSimulator.Build.0 = Debug|Any CPU
		{C9E98F89-43DB-473F-9B84-ABDD8F92F7B6}.Debug|x64.ActiveCfg = Debug|Any CPU
		{C9E98F89-43DB-473F-9B84-ABDD8F92F7B6}.Debug|x64.Build.0 = Debug|Any CPU
		{C9E98F89-43DB-473F-9B84-ABDD8F92F7B6}.Debug|x86.ActiveCfg = Debug|Any CPU
		{C9E98F89-43DB-473F-9B84-ABDD8F92F7B6}.Debug|x86.Build.0 = Debug|Any CPU
		{C9E98F89-43DB-473F-9B84-ABDD8F92F7B6}.Release|Any CPU.ActiveCfg = Release|Any CPU
		{C9E98F89-43DB-473F-9B84-ABDD8F92F7B6}.Release|Any CPU.Build.0 = Release|Any CPU
		{C9E98F89-43DB-473F-9B84-ABDD8F92F7B6}.Release|ARM.ActiveCfg = Release|Any CPU
		{C9E98F89-43DB-473F-9B84-ABDD8F92F7B6}.Release|ARM.Build.0 = Release|Any CPU
		{C9E98F89-43DB-473F-9B84-ABDD8F92F7B6}.Release|iPhone.ActiveCfg = Release|Any CPU
		{C9E98F89-43DB-473F-9B84-ABDD8F92F7B6}.Release|iPhone.Build.0 = Release|Any CPU
		{C9E98F89-43DB-473F-9B84-ABDD8F92F7B6}.Release|iPhoneSimulator.ActiveCfg = Release|Any CPU
		{C9E98F89-43DB-473F-9B84-ABDD8F92F7B6}.Release|iPhoneSimulator.Build.0 = Release|Any CPU
		{C9E98F89-43DB-473F-9B84-ABDD8F92F7B6}.Release|x64.ActiveCfg = Release|Any CPU
		{C9E98F89-43DB-473F-9B84-ABDD8F92F7B6}.Release|x64.Build.0 = Release|Any CPU
		{C9E98F89-43DB-473F-9B84-ABDD8F92F7B6}.Release|x86.ActiveCfg = Release|Any CPU
		{C9E98F89-43DB-473F-9B84-ABDD8F92F7B6}.Release|x86.Build.0 = Release|Any CPU
		{8BBDC4D3-5562-4D61-866A-FC2325081A7F}.Ad-Hoc|Any CPU.ActiveCfg = Release|Any CPU
		{8BBDC4D3-5562-4D61-866A-FC2325081A7F}.Ad-Hoc|Any CPU.Build.0 = Release|Any CPU
		{8BBDC4D3-5562-4D61-866A-FC2325081A7F}.Ad-Hoc|ARM.ActiveCfg = Release|Any CPU
		{8BBDC4D3-5562-4D61-866A-FC2325081A7F}.Ad-Hoc|ARM.Build.0 = Release|Any CPU
		{8BBDC4D3-5562-4D61-866A-FC2325081A7F}.Ad-Hoc|iPhone.ActiveCfg = Release|Any CPU
		{8BBDC4D3-5562-4D61-866A-FC2325081A7F}.Ad-Hoc|iPhone.Build.0 = Release|Any CPU
		{8BBDC4D3-5562-4D61-866A-FC2325081A7F}.Ad-Hoc|iPhoneSimulator.ActiveCfg = Release|Any CPU
		{8BBDC4D3-5562-4D61-866A-FC2325081A7F}.Ad-Hoc|iPhoneSimulator.Build.0 = Release|Any CPU
		{8BBDC4D3-5562-4D61-866A-FC2325081A7F}.Ad-Hoc|x64.ActiveCfg = Release|Any CPU
		{8BBDC4D3-5562-4D61-866A-FC2325081A7F}.Ad-Hoc|x64.Build.0 = Release|Any CPU
		{8BBDC4D3-5562-4D61-866A-FC2325081A7F}.Ad-Hoc|x86.ActiveCfg = Release|Any CPU
		{8BBDC4D3-5562-4D61-866A-FC2325081A7F}.Ad-Hoc|x86.Build.0 = Release|Any CPU
		{8BBDC4D3-5562-4D61-866A-FC2325081A7F}.AppStore|Any CPU.ActiveCfg = Release|Any CPU
		{8BBDC4D3-5562-4D61-866A-FC2325081A7F}.AppStore|Any CPU.Build.0 = Release|Any CPU
		{8BBDC4D3-5562-4D61-866A-FC2325081A7F}.AppStore|ARM.ActiveCfg = Release|Any CPU
		{8BBDC4D3-5562-4D61-866A-FC2325081A7F}.AppStore|ARM.Build.0 = Release|Any CPU
		{8BBDC4D3-5562-4D61-866A-FC2325081A7F}.AppStore|iPhone.ActiveCfg = Release|Any CPU
		{8BBDC4D3-5562-4D61-866A-FC2325081A7F}.AppStore|iPhone.Build.0 = Release|Any CPU
		{8BBDC4D3-5562-4D61-866A-FC2325081A7F}.AppStore|iPhoneSimulator.ActiveCfg = Release|Any CPU
		{8BBDC4D3-5562-4D61-866A-FC2325081A7F}.AppStore|iPhoneSimulator.Build.0 = Release|Any CPU
		{8BBDC4D3-5562-4D61-866A-FC2325081A7F}.AppStore|x64.ActiveCfg = Release|Any CPU
		{8BBDC4D3-5562-4D61-866A-FC2325081A7F}.AppStore|x64.Build.0 = Release|Any CPU
		{8BBDC4D3-5562-4D61-866A-FC2325081A7F}.AppStore|x86.ActiveCfg = Release|Any CPU
		{8BBDC4D3-5562-4D61-866A-FC2325081A7F}.AppStore|x86.Build.0 = Release|Any CPU
		{8BBDC4D3-5562-4D61-866A-FC2325081A7F}.Debug|Any CPU.ActiveCfg = Debug|Any CPU
		{8BBDC4D3-5562-4D61-866A-FC2325081A7F}.Debug|Any CPU.Build.0 = Debug|Any CPU
		{8BBDC4D3-5562-4D61-866A-FC2325081A7F}.Debug|ARM.ActiveCfg = Debug|Any CPU
		{8BBDC4D3-5562-4D61-866A-FC2325081A7F}.Debug|ARM.Build.0 = Debug|Any CPU
		{8BBDC4D3-5562-4D61-866A-FC2325081A7F}.Debug|iPhone.ActiveCfg = Debug|Any CPU
		{8BBDC4D3-5562-4D61-866A-FC2325081A7F}.Debug|iPhone.Build.0 = Debug|Any CPU
		{8BBDC4D3-5562-4D61-866A-FC2325081A7F}.Debug|iPhoneSimulator.ActiveCfg = Debug|Any CPU
		{8BBDC4D3-5562-4D61-866A-FC2325081A7F}.Debug|iPhoneSimulator.Build.0 = Debug|Any CPU
		{8BBDC4D3-5562-4D61-866A-FC2325081A7F}.Debug|x64.ActiveCfg = Debug|Any CPU
		{8BBDC4D3-5562-4D61-866A-FC2325081A7F}.Debug|x64.Build.0 = Debug|Any CPU
		{8BBDC4D3-5562-4D61-866A-FC2325081A7F}.Debug|x86.ActiveCfg = Debug|Any CPU
		{8BBDC4D3-5562-4D61-866A-FC2325081A7F}.Debug|x86.Build.0 = Debug|Any CPU
		{8BBDC4D3-5562-4D61-866A-FC2325081A7F}.Release|Any CPU.ActiveCfg = Release|Any CPU
		{8BBDC4D3-5562-4D61-866A-FC2325081A7F}.Release|Any CPU.Build.0 = Release|Any CPU
		{8BBDC4D3-5562-4D61-866A-FC2325081A7F}.Release|ARM.ActiveCfg = Release|Any CPU
		{8BBDC4D3-5562-4D61-866A-FC2325081A7F}.Release|ARM.Build.0 = Release|Any CPU
		{8BBDC4D3-5562-4D61-866A-FC2325081A7F}.Release|iPhone.ActiveCfg = Release|Any CPU
		{8BBDC4D3-5562-4D61-866A-FC2325081A7F}.Release|iPhone.Build.0 = Release|Any CPU
		{8BBDC4D3-5562-4D61-866A-FC2325081A7F}.Release|iPhoneSimulator.ActiveCfg = Release|Any CPU
		{8BBDC4D3-5562-4D61-866A-FC2325081A7F}.Release|iPhoneSimulator.Build.0 = Release|Any CPU
		{8BBDC4D3-5562-4D61-866A-FC2325081A7F}.Release|x64.ActiveCfg = Release|Any CPU
		{8BBDC4D3-5562-4D61-866A-FC2325081A7F}.Release|x64.Build.0 = Release|Any CPU
		{8BBDC4D3-5562-4D61-866A-FC2325081A7F}.Release|x86.ActiveCfg = Release|Any CPU
		{8BBDC4D3-5562-4D61-866A-FC2325081A7F}.Release|x86.Build.0 = Release|Any CPU
		{BDCD56E9-C6F1-4062-B2B2-F8B7FCB0BF26}.Ad-Hoc|Any CPU.ActiveCfg = Release|x64
		{BDCD56E9-C6F1-4062-B2B2-F8B7FCB0BF26}.Ad-Hoc|Any CPU.Build.0 = Release|x64
		{BDCD56E9-C6F1-4062-B2B2-F8B7FCB0BF26}.Ad-Hoc|Any CPU.Deploy.0 = Release|x64
		{BDCD56E9-C6F1-4062-B2B2-F8B7FCB0BF26}.Ad-Hoc|ARM.ActiveCfg = Release|ARM
		{BDCD56E9-C6F1-4062-B2B2-F8B7FCB0BF26}.Ad-Hoc|ARM.Build.0 = Release|ARM
		{BDCD56E9-C6F1-4062-B2B2-F8B7FCB0BF26}.Ad-Hoc|ARM.Deploy.0 = Release|ARM
		{BDCD56E9-C6F1-4062-B2B2-F8B7FCB0BF26}.Ad-Hoc|iPhone.ActiveCfg = Release|x64
		{BDCD56E9-C6F1-4062-B2B2-F8B7FCB0BF26}.Ad-Hoc|iPhone.Build.0 = Release|x64
		{BDCD56E9-C6F1-4062-B2B2-F8B7FCB0BF26}.Ad-Hoc|iPhone.Deploy.0 = Release|x64
		{BDCD56E9-C6F1-4062-B2B2-F8B7FCB0BF26}.Ad-Hoc|iPhoneSimulator.ActiveCfg = Release|x64
		{BDCD56E9-C6F1-4062-B2B2-F8B7FCB0BF26}.Ad-Hoc|iPhoneSimulator.Build.0 = Release|x64
		{BDCD56E9-C6F1-4062-B2B2-F8B7FCB0BF26}.Ad-Hoc|iPhoneSimulator.Deploy.0 = Release|x64
		{BDCD56E9-C6F1-4062-B2B2-F8B7FCB0BF26}.Ad-Hoc|x64.ActiveCfg = Release|x64
		{BDCD56E9-C6F1-4062-B2B2-F8B7FCB0BF26}.Ad-Hoc|x64.Build.0 = Release|x64
		{BDCD56E9-C6F1-4062-B2B2-F8B7FCB0BF26}.Ad-Hoc|x64.Deploy.0 = Release|x64
		{BDCD56E9-C6F1-4062-B2B2-F8B7FCB0BF26}.Ad-Hoc|x86.ActiveCfg = Release|x86
		{BDCD56E9-C6F1-4062-B2B2-F8B7FCB0BF26}.Ad-Hoc|x86.Build.0 = Release|x86
		{BDCD56E9-C6F1-4062-B2B2-F8B7FCB0BF26}.Ad-Hoc|x86.Deploy.0 = Release|x86
		{BDCD56E9-C6F1-4062-B2B2-F8B7FCB0BF26}.AppStore|Any CPU.ActiveCfg = Release|x64
		{BDCD56E9-C6F1-4062-B2B2-F8B7FCB0BF26}.AppStore|Any CPU.Build.0 = Release|x64
		{BDCD56E9-C6F1-4062-B2B2-F8B7FCB0BF26}.AppStore|Any CPU.Deploy.0 = Release|x64
		{BDCD56E9-C6F1-4062-B2B2-F8B7FCB0BF26}.AppStore|ARM.ActiveCfg = Release|ARM
		{BDCD56E9-C6F1-4062-B2B2-F8B7FCB0BF26}.AppStore|ARM.Build.0 = Release|ARM
		{BDCD56E9-C6F1-4062-B2B2-F8B7FCB0BF26}.AppStore|ARM.Deploy.0 = Release|ARM
		{BDCD56E9-C6F1-4062-B2B2-F8B7FCB0BF26}.AppStore|iPhone.ActiveCfg = Release|x64
		{BDCD56E9-C6F1-4062-B2B2-F8B7FCB0BF26}.AppStore|iPhone.Build.0 = Release|x64
		{BDCD56E9-C6F1-4062-B2B2-F8B7FCB0BF26}.AppStore|iPhone.Deploy.0 = Release|x64
		{BDCD56E9-C6F1-4062-B2B2-F8B7FCB0BF26}.AppStore|iPhoneSimulator.ActiveCfg = Release|x64
		{BDCD56E9-C6F1-4062-B2B2-F8B7FCB0BF26}.AppStore|iPhoneSimulator.Build.0 = Release|x64
		{BDCD56E9-C6F1-4062-B2B2-F8B7FCB0BF26}.AppStore|iPhoneSimulator.Deploy.0 = Release|x64
		{BDCD56E9-C6F1-4062-B2B2-F8B7FCB0BF26}.AppStore|x64.ActiveCfg = Release|x64
		{BDCD56E9-C6F1-4062-B2B2-F8B7FCB0BF26}.AppStore|x64.Build.0 = Release|x64
		{BDCD56E9-C6F1-4062-B2B2-F8B7FCB0BF26}.AppStore|x64.Deploy.0 = Release|x64
		{BDCD56E9-C6F1-4062-B2B2-F8B7FCB0BF26}.AppStore|x86.ActiveCfg = Release|x86
		{BDCD56E9-C6F1-4062-B2B2-F8B7FCB0BF26}.AppStore|x86.Build.0 = Release|x86
		{BDCD56E9-C6F1-4062-B2B2-F8B7FCB0BF26}.AppStore|x86.Deploy.0 = Release|x86
		{BDCD56E9-C6F1-4062-B2B2-F8B7FCB0BF26}.Debug|Any CPU.ActiveCfg = Debug|x86
		{BDCD56E9-C6F1-4062-B2B2-F8B7FCB0BF26}.Debug|Any CPU.Build.0 = Debug|x86
		{BDCD56E9-C6F1-4062-B2B2-F8B7FCB0BF26}.Debug|Any CPU.Deploy.0 = Debug|x86
		{BDCD56E9-C6F1-4062-B2B2-F8B7FCB0BF26}.Debug|ARM.ActiveCfg = Debug|ARM
		{BDCD56E9-C6F1-4062-B2B2-F8B7FCB0BF26}.Debug|ARM.Build.0 = Debug|ARM
		{BDCD56E9-C6F1-4062-B2B2-F8B7FCB0BF26}.Debug|ARM.Deploy.0 = Debug|ARM
		{BDCD56E9-C6F1-4062-B2B2-F8B7FCB0BF26}.Debug|iPhone.ActiveCfg = Debug|x86
		{BDCD56E9-C6F1-4062-B2B2-F8B7FCB0BF26}.Debug|iPhoneSimulator.ActiveCfg = Debug|x86
		{BDCD56E9-C6F1-4062-B2B2-F8B7FCB0BF26}.Debug|x64.ActiveCfg = Debug|x64
		{BDCD56E9-C6F1-4062-B2B2-F8B7FCB0BF26}.Debug|x64.Build.0 = Debug|x64
		{BDCD56E9-C6F1-4062-B2B2-F8B7FCB0BF26}.Debug|x64.Deploy.0 = Debug|x64
		{BDCD56E9-C6F1-4062-B2B2-F8B7FCB0BF26}.Debug|x86.ActiveCfg = Debug|x86
		{BDCD56E9-C6F1-4062-B2B2-F8B7FCB0BF26}.Debug|x86.Build.0 = Debug|x86
		{BDCD56E9-C6F1-4062-B2B2-F8B7FCB0BF26}.Debug|x86.Deploy.0 = Debug|x86
		{BDCD56E9-C6F1-4062-B2B2-F8B7FCB0BF26}.Release|Any CPU.ActiveCfg = Release|x86
		{BDCD56E9-C6F1-4062-B2B2-F8B7FCB0BF26}.Release|ARM.ActiveCfg = Release|ARM
		{BDCD56E9-C6F1-4062-B2B2-F8B7FCB0BF26}.Release|ARM.Build.0 = Release|ARM
		{BDCD56E9-C6F1-4062-B2B2-F8B7FCB0BF26}.Release|ARM.Deploy.0 = Release|ARM
		{BDCD56E9-C6F1-4062-B2B2-F8B7FCB0BF26}.Release|iPhone.ActiveCfg = Release|x86
		{BDCD56E9-C6F1-4062-B2B2-F8B7FCB0BF26}.Release|iPhoneSimulator.ActiveCfg = Release|x86
		{BDCD56E9-C6F1-4062-B2B2-F8B7FCB0BF26}.Release|x64.ActiveCfg = Release|x64
		{BDCD56E9-C6F1-4062-B2B2-F8B7FCB0BF26}.Release|x64.Build.0 = Release|x64
		{BDCD56E9-C6F1-4062-B2B2-F8B7FCB0BF26}.Release|x64.Deploy.0 = Release|x64
		{BDCD56E9-C6F1-4062-B2B2-F8B7FCB0BF26}.Release|x86.ActiveCfg = Release|x86
		{BDCD56E9-C6F1-4062-B2B2-F8B7FCB0BF26}.Release|x86.Build.0 = Release|x86
		{BDCD56E9-C6F1-4062-B2B2-F8B7FCB0BF26}.Release|x86.Deploy.0 = Release|x86
		{D5185782-49E0-4D8D-89EE-25BC3C60426E}.Ad-Hoc|Any CPU.ActiveCfg = Release|Any CPU
		{D5185782-49E0-4D8D-89EE-25BC3C60426E}.Ad-Hoc|Any CPU.Build.0 = Release|Any CPU
		{D5185782-49E0-4D8D-89EE-25BC3C60426E}.Ad-Hoc|ARM.ActiveCfg = Release|Any CPU
		{D5185782-49E0-4D8D-89EE-25BC3C60426E}.Ad-Hoc|ARM.Build.0 = Release|Any CPU
		{D5185782-49E0-4D8D-89EE-25BC3C60426E}.Ad-Hoc|iPhone.ActiveCfg = Release|Any CPU
		{D5185782-49E0-4D8D-89EE-25BC3C60426E}.Ad-Hoc|iPhone.Build.0 = Release|Any CPU
		{D5185782-49E0-4D8D-89EE-25BC3C60426E}.Ad-Hoc|iPhoneSimulator.ActiveCfg = Release|Any CPU
		{D5185782-49E0-4D8D-89EE-25BC3C60426E}.Ad-Hoc|iPhoneSimulator.Build.0 = Release|Any CPU
		{D5185782-49E0-4D8D-89EE-25BC3C60426E}.Ad-Hoc|x64.ActiveCfg = Release|Any CPU
		{D5185782-49E0-4D8D-89EE-25BC3C60426E}.Ad-Hoc|x64.Build.0 = Release|Any CPU
		{D5185782-49E0-4D8D-89EE-25BC3C60426E}.Ad-Hoc|x86.ActiveCfg = Release|Any CPU
		{D5185782-49E0-4D8D-89EE-25BC3C60426E}.Ad-Hoc|x86.Build.0 = Release|Any CPU
		{D5185782-49E0-4D8D-89EE-25BC3C60426E}.AppStore|Any CPU.ActiveCfg = Release|Any CPU
		{D5185782-49E0-4D8D-89EE-25BC3C60426E}.AppStore|Any CPU.Build.0 = Release|Any CPU
		{D5185782-49E0-4D8D-89EE-25BC3C60426E}.AppStore|ARM.ActiveCfg = Release|Any CPU
		{D5185782-49E0-4D8D-89EE-25BC3C60426E}.AppStore|ARM.Build.0 = Release|Any CPU
		{D5185782-49E0-4D8D-89EE-25BC3C60426E}.AppStore|iPhone.ActiveCfg = Release|Any CPU
		{D5185782-49E0-4D8D-89EE-25BC3C60426E}.AppStore|iPhone.Build.0 = Release|Any CPU
		{D5185782-49E0-4D8D-89EE-25BC3C60426E}.AppStore|iPhoneSimulator.ActiveCfg = Release|Any CPU
		{D5185782-49E0-4D8D-89EE-25BC3C60426E}.AppStore|iPhoneSimulator.Build.0 = Release|Any CPU
		{D5185782-49E0-4D8D-89EE-25BC3C60426E}.AppStore|x64.ActiveCfg = Release|Any CPU
		{D5185782-49E0-4D8D-89EE-25BC3C60426E}.AppStore|x64.Build.0 = Release|Any CPU
		{D5185782-49E0-4D8D-89EE-25BC3C60426E}.AppStore|x86.ActiveCfg = Release|Any CPU
		{D5185782-49E0-4D8D-89EE-25BC3C60426E}.AppStore|x86.Build.0 = Release|Any CPU
		{D5185782-49E0-4D8D-89EE-25BC3C60426E}.Debug|Any CPU.ActiveCfg = Debug|Any CPU
		{D5185782-49E0-4D8D-89EE-25BC3C60426E}.Debug|Any CPU.Build.0 = Debug|Any CPU
		{D5185782-49E0-4D8D-89EE-25BC3C60426E}.Debug|ARM.ActiveCfg = Debug|Any CPU
		{D5185782-49E0-4D8D-89EE-25BC3C60426E}.Debug|ARM.Build.0 = Debug|Any CPU
		{D5185782-49E0-4D8D-89EE-25BC3C60426E}.Debug|iPhone.ActiveCfg = Debug|Any CPU
		{D5185782-49E0-4D8D-89EE-25BC3C60426E}.Debug|iPhone.Build.0 = Debug|Any CPU
		{D5185782-49E0-4D8D-89EE-25BC3C60426E}.Debug|iPhoneSimulator.ActiveCfg = Debug|Any CPU
		{D5185782-49E0-4D8D-89EE-25BC3C60426E}.Debug|iPhoneSimulator.Build.0 = Debug|Any CPU
		{D5185782-49E0-4D8D-89EE-25BC3C60426E}.Debug|x64.ActiveCfg = Debug|Any CPU
		{D5185782-49E0-4D8D-89EE-25BC3C60426E}.Debug|x64.Build.0 = Debug|Any CPU
		{D5185782-49E0-4D8D-89EE-25BC3C60426E}.Debug|x86.ActiveCfg = Debug|Any CPU
		{D5185782-49E0-4D8D-89EE-25BC3C60426E}.Debug|x86.Build.0 = Debug|Any CPU
		{D5185782-49E0-4D8D-89EE-25BC3C60426E}.Release|Any CPU.ActiveCfg = Release|Any CPU
		{D5185782-49E0-4D8D-89EE-25BC3C60426E}.Release|Any CPU.Build.0 = Release|Any CPU
		{D5185782-49E0-4D8D-89EE-25BC3C60426E}.Release|ARM.ActiveCfg = Release|Any CPU
		{D5185782-49E0-4D8D-89EE-25BC3C60426E}.Release|ARM.Build.0 = Release|Any CPU
		{D5185782-49E0-4D8D-89EE-25BC3C60426E}.Release|iPhone.ActiveCfg = Release|Any CPU
		{D5185782-49E0-4D8D-89EE-25BC3C60426E}.Release|iPhone.Build.0 = Release|Any CPU
		{D5185782-49E0-4D8D-89EE-25BC3C60426E}.Release|iPhoneSimulator.ActiveCfg = Release|Any CPU
		{D5185782-49E0-4D8D-89EE-25BC3C60426E}.Release|iPhoneSimulator.Build.0 = Release|Any CPU
		{D5185782-49E0-4D8D-89EE-25BC3C60426E}.Release|x64.ActiveCfg = Release|Any CPU
		{D5185782-49E0-4D8D-89EE-25BC3C60426E}.Release|x64.Build.0 = Release|Any CPU
		{D5185782-49E0-4D8D-89EE-25BC3C60426E}.Release|x86.ActiveCfg = Release|Any CPU
		{D5185782-49E0-4D8D-89EE-25BC3C60426E}.Release|x86.Build.0 = Release|Any CPU
		{EE12F0FD-0F72-48EA-917A-8FB24E5F3193}.Ad-Hoc|Any CPU.ActiveCfg = Release|Any CPU
		{EE12F0FD-0F72-48EA-917A-8FB24E5F3193}.Ad-Hoc|Any CPU.Build.0 = Release|Any CPU
		{EE12F0FD-0F72-48EA-917A-8FB24E5F3193}.Ad-Hoc|ARM.ActiveCfg = Release|Any CPU
		{EE12F0FD-0F72-48EA-917A-8FB24E5F3193}.Ad-Hoc|ARM.Build.0 = Release|Any CPU
		{EE12F0FD-0F72-48EA-917A-8FB24E5F3193}.Ad-Hoc|iPhone.ActiveCfg = Release|Any CPU
		{EE12F0FD-0F72-48EA-917A-8FB24E5F3193}.Ad-Hoc|iPhone.Build.0 = Release|Any CPU
		{EE12F0FD-0F72-48EA-917A-8FB24E5F3193}.Ad-Hoc|iPhoneSimulator.ActiveCfg = Release|Any CPU
		{EE12F0FD-0F72-48EA-917A-8FB24E5F3193}.Ad-Hoc|iPhoneSimulator.Build.0 = Release|Any CPU
		{EE12F0FD-0F72-48EA-917A-8FB24E5F3193}.Ad-Hoc|x64.ActiveCfg = Release|Any CPU
		{EE12F0FD-0F72-48EA-917A-8FB24E5F3193}.Ad-Hoc|x64.Build.0 = Release|Any CPU
		{EE12F0FD-0F72-48EA-917A-8FB24E5F3193}.Ad-Hoc|x86.ActiveCfg = Release|Any CPU
		{EE12F0FD-0F72-48EA-917A-8FB24E5F3193}.Ad-Hoc|x86.Build.0 = Release|Any CPU
		{EE12F0FD-0F72-48EA-917A-8FB24E5F3193}.AppStore|Any CPU.ActiveCfg = Release|Any CPU
		{EE12F0FD-0F72-48EA-917A-8FB24E5F3193}.AppStore|Any CPU.Build.0 = Release|Any CPU
		{EE12F0FD-0F72-48EA-917A-8FB24E5F3193}.AppStore|ARM.ActiveCfg = Release|Any CPU
		{EE12F0FD-0F72-48EA-917A-8FB24E5F3193}.AppStore|ARM.Build.0 = Release|Any CPU
		{EE12F0FD-0F72-48EA-917A-8FB24E5F3193}.AppStore|iPhone.ActiveCfg = Release|Any CPU
		{EE12F0FD-0F72-48EA-917A-8FB24E5F3193}.AppStore|iPhone.Build.0 = Release|Any CPU
		{EE12F0FD-0F72-48EA-917A-8FB24E5F3193}.AppStore|iPhoneSimulator.ActiveCfg = Release|Any CPU
		{EE12F0FD-0F72-48EA-917A-8FB24E5F3193}.AppStore|iPhoneSimulator.Build.0 = Release|Any CPU
		{EE12F0FD-0F72-48EA-917A-8FB24E5F3193}.AppStore|x64.ActiveCfg = Release|Any CPU
		{EE12F0FD-0F72-48EA-917A-8FB24E5F3193}.AppStore|x64.Build.0 = Release|Any CPU
		{EE12F0FD-0F72-48EA-917A-8FB24E5F3193}.AppStore|x86.ActiveCfg = Release|Any CPU
		{EE12F0FD-0F72-48EA-917A-8FB24E5F3193}.AppStore|x86.Build.0 = Release|Any CPU
		{EE12F0FD-0F72-48EA-917A-8FB24E5F3193}.Debug|Any CPU.ActiveCfg = Debug|Any CPU
		{EE12F0FD-0F72-48EA-917A-8FB24E5F3193}.Debug|Any CPU.Build.0 = Debug|Any CPU
		{EE12F0FD-0F72-48EA-917A-8FB24E5F3193}.Debug|ARM.ActiveCfg = Debug|Any CPU
		{EE12F0FD-0F72-48EA-917A-8FB24E5F3193}.Debug|ARM.Build.0 = Debug|Any CPU
		{EE12F0FD-0F72-48EA-917A-8FB24E5F3193}.Debug|iPhone.ActiveCfg = Debug|Any CPU
		{EE12F0FD-0F72-48EA-917A-8FB24E5F3193}.Debug|iPhone.Build.0 = Debug|Any CPU
		{EE12F0FD-0F72-48EA-917A-8FB24E5F3193}.Debug|iPhoneSimulator.ActiveCfg = Debug|Any CPU
		{EE12F0FD-0F72-48EA-917A-8FB24E5F3193}.Debug|iPhoneSimulator.Build.0 = Debug|Any CPU
		{EE12F0FD-0F72-48EA-917A-8FB24E5F3193}.Debug|x64.ActiveCfg = Debug|Any CPU
		{EE12F0FD-0F72-48EA-917A-8FB24E5F3193}.Debug|x64.Build.0 = Debug|Any CPU
		{EE12F0FD-0F72-48EA-917A-8FB24E5F3193}.Debug|x86.ActiveCfg = Debug|Any CPU
		{EE12F0FD-0F72-48EA-917A-8FB24E5F3193}.Debug|x86.Build.0 = Debug|Any CPU
		{EE12F0FD-0F72-48EA-917A-8FB24E5F3193}.Release|Any CPU.ActiveCfg = Release|Any CPU
		{EE12F0FD-0F72-48EA-917A-8FB24E5F3193}.Release|Any CPU.Build.0 = Release|Any CPU
		{EE12F0FD-0F72-48EA-917A-8FB24E5F3193}.Release|ARM.ActiveCfg = Release|Any CPU
		{EE12F0FD-0F72-48EA-917A-8FB24E5F3193}.Release|ARM.Build.0 = Release|Any CPU
		{EE12F0FD-0F72-48EA-917A-8FB24E5F3193}.Release|iPhone.ActiveCfg = Release|Any CPU
		{EE12F0FD-0F72-48EA-917A-8FB24E5F3193}.Release|iPhone.Build.0 = Release|Any CPU
		{EE12F0FD-0F72-48EA-917A-8FB24E5F3193}.Release|iPhoneSimulator.ActiveCfg = Release|Any CPU
		{EE12F0FD-0F72-48EA-917A-8FB24E5F3193}.Release|iPhoneSimulator.Build.0 = Release|Any CPU
		{EE12F0FD-0F72-48EA-917A-8FB24E5F3193}.Release|x64.ActiveCfg = Release|Any CPU
		{EE12F0FD-0F72-48EA-917A-8FB24E5F3193}.Release|x64.Build.0 = Release|Any CPU
		{EE12F0FD-0F72-48EA-917A-8FB24E5F3193}.Release|x86.ActiveCfg = Release|Any CPU
		{EE12F0FD-0F72-48EA-917A-8FB24E5F3193}.Release|x86.Build.0 = Release|Any CPU
	EndGlobalSection
	GlobalSection(SolutionProperties) = preSolution
		HideSolutionNode = FALSE
	EndGlobalSection
	GlobalSection(NestedProjects) = preSolution
		{2DA266B2-1F42-42AC-B165-59D59E5C3601} = {87E8C738-A2FA-41A9-99D3-7A9D6FAA8D97}
		{87E8C738-A2FA-41A9-99D3-7A9D6FAA8D97} = {6C025FBB-6CB5-4E9E-82ED-C840BDE591AA}
		{7F6AB514-458C-4C41-AFA5-70C7E78F36EF} = {87E8C738-A2FA-41A9-99D3-7A9D6FAA8D97}
		{4DC693D0-7741-4F72-94DE-E2FFA9AC3B27} = {87E8C738-A2FA-41A9-99D3-7A9D6FAA8D97}
		{6C250FE9-B61F-4838-AD2C-0B664BF15868} = {8CE4F702-64C1-4B48-A2C8-FCE223B16048}
		{782FF2E4-7E7B-4A92-A55E-E0F052D03BC0} = {8CE4F702-64C1-4B48-A2C8-FCE223B16048}
		{794CE203-F77A-4346-8892-0A716B8A4D15} = {8CE4F702-64C1-4B48-A2C8-FCE223B16048}
		{8B6C1FCA-32B7-4D82-80E2-4A0D69CB5235} = {8CE4F702-64C1-4B48-A2C8-FCE223B16048}
		{74F9B2B0-A43A-45A9-BDF0-646CCF02765A} = {6C025FBB-6CB5-4E9E-82ED-C840BDE591AA}
		{A2467C52-C753-452F-AC53-F3C21C8702A1} = {6C025FBB-6CB5-4E9E-82ED-C840BDE591AA}
		{4560E4F2-0FDE-4978-8B72-9E7147DD3773} = {A2467C52-C753-452F-AC53-F3C21C8702A1}
		{D466A5CD-33FA-4F29-8AD6-08BA156E70F9} = {A2467C52-C753-452F-AC53-F3C21C8702A1}
		{50D1D0AB-83C9-4C6D-8E3F-7C8A9B8D6943} = {8CE4F702-64C1-4B48-A2C8-FCE223B16048}
		{8CE4F702-64C1-4B48-A2C8-FCE223B16048} = {636028E7-7224-4E0C-8FF7-05D8CCFCD977}
		{FACC4F39-2E65-4956-B822-0420ADD77B59} = {636028E7-7224-4E0C-8FF7-05D8CCFCD977}
		{8E88D621-2B7F-4F56-AEE5-B1994BC85C1E} = {FACC4F39-2E65-4956-B822-0420ADD77B59}
		{654442E2-F179-4151-B8AF-0F1A1DBB86DB} = {FACC4F39-2E65-4956-B822-0420ADD77B59}
		{7FC414E6-7ADA-4369-8124-0BB50EF8F8F2} = {636028E7-7224-4E0C-8FF7-05D8CCFCD977}
		{17F97CB1-0965-4A04-82AC-6CA0162C6809} = {5294BCEC-28D8-4165-8A00-D81E1D27D0BF}
		{A81A8C5A-A572-425B-8305-3E74C34A5B5B} = {6C025FBB-6CB5-4E9E-82ED-C840BDE591AA}
		{C9E98F89-43DB-473F-9B84-ABDD8F92F7B6} = {A81A8C5A-A572-425B-8305-3E74C34A5B5B}
		{8BBDC4D3-5562-4D61-866A-FC2325081A7F} = {A81A8C5A-A572-425B-8305-3E74C34A5B5B}
		{BDCD56E9-C6F1-4062-B2B2-F8B7FCB0BF26} = {636028E7-7224-4E0C-8FF7-05D8CCFCD977}
		{D5185782-49E0-4D8D-89EE-25BC3C60426E} = {636028E7-7224-4E0C-8FF7-05D8CCFCD977}
		{CD7A876C-FC78-4237-A553-C76F731A7CA8} = {6C025FBB-6CB5-4E9E-82ED-C840BDE591AA}
		{EE12F0FD-0F72-48EA-917A-8FB24E5F3193} = {CD7A876C-FC78-4237-A553-C76F731A7CA8}
	EndGlobalSection
EndGlobal
